
Microsoft Visual Studio Solution File, Format Version 12.00
Project("{FAE04EC0-301F-11D3-BF4B-00C04F79EFBC}") = "Turbo.Messaging.Abstractions", "src\Shared\Turbo.Messaging.Abstractions\Turbo.Messaging.Abstractions.csproj", "{C2A22A02-0001-4A0E-B0AC-0E1A7E1A0010}"
EndProject
Project("{FAE04EC0-301F-11D3-BF4B-00C04F79EFBC}") = "Turbo.Outbox.Abstractions", "src\Shared\Turbo.Outbox.Abstractions\Turbo.Outbox.Abstractions.csproj", "{C2A22A02-0002-4A0E-B0AC-0E1A7E1A0011}"
EndProject
Project("{FAE04EC0-301F-11D3-BF4B-00C04F79EFBC}") = "Turbo.Outbox.Postgres", "src\Shared\Turbo.Outbox.Postgres\Turbo.Outbox.Postgres.csproj", "{C2A22A02-0003-4A0E-B0AC-0E1A7E1A0012}"
EndProject
Project("{FAE04EC0-301F-11D3-BF4B-00C04F79EFBC}") = "Turbo.Messaging.Nats", "src\Shared\Turbo.Messaging.Nats\Turbo.Messaging.Nats.csproj", "{C2A22A02-0004-4A0E-B0AC-0E1A7E1A0013}"
EndProject
Project("{FAE04EC0-301F-11D3-BF4B-00C04F79EFBC}") = "Turbo.Messaging.InProcess", "src\Shared\Turbo.Messaging.InProcess\Turbo.Messaging.InProcess.csproj", "{C2A22A02-0005-4A0E-B0AC-0E1A7E1A0014}"
EndProject
Project("{FAE04EC0-301F-11D3-BF4B-00C04F79EFBC}") = "Turbo.Host.Modulith", "hosts\Turbo.Host.Modulith\Turbo.Host.Modulith.csproj", "{C2A22A02-0006-4A0E-B0AC-0E1A7E1A0015}"
EndProject
Project("{FAE04EC0-301F-11D3-BF4B-00C04F79EFBC}") = "Turbo.Modulith.Behaviour", "tests\Turbo.Modulith.Behaviour\Turbo.Modulith.Behaviour.csproj", "{C2A22A02-0007-4A0E-B0AC-0E1A7E1A0016}"
EndProject
Project("{FAE04EC0-301F-11D3-BF4B-00C04F79EFBC}") = "Turbo.Architecture", "tests\Turbo.Architecture\Turbo.Architecture.csproj", "{C2A22A02-0008-4A0E-B0AC-0E1A7E1A0017}"
EndProject
Project("{FAE04EC0-301F-11D3-BF4B-00C04F79EFBC}") = "Turbo.Host.Geo", "hosts\Turbo.Host.Geo\Turbo.Host.Geo.csproj", "{C2A22A02-000A-4A0E-B0AC-0E1A7E1A0019}"
EndProject
Project("{FAE04EC0-301F-11D3-BF4B-00C04F79EFBC}") = "Turbo.Host.Auth", "hosts\Turbo.Host.Auth\Turbo.Host.Auth.csproj", "{C2A22A02-000B-4A0E-B0AC-0E1A7E1A001A}"
EndProject
Project("{FAE04EC0-301F-11D3-BF4B-00C04F79EFBC}") = "Turbo.Microservices.Behaviour", "tests\Turbo.Microservices.Behaviour\Turbo.Microservices.Behaviour.csproj", "{C2A22A02-000C-4A0E-B0AC-0E1A7E1A001B}"
EndProject
Project("{FAE04EC0-301F-11D3-BF4B-00C04F79EFBC}") = "Turbo.Behaviour.Testing", "tests\Turbo.Behaviour.Testing\Turbo.Behaviour.Testing.csproj", "{C2A22A02-000D-4A0E-B0AC-0E1A7E1A001C}"
EndProject
Project("{2150E333-8FDC-42A3-9474-1A3956D46DE8}") = "Solution Items", "Solution Items", "{0F2A4886-38D7-415C-B877-27D4370D59E1}"
	ProjectSection(SolutionItems) = preProject
		compose.yaml = compose.yaml
		compose.monitoring.yaml = compose.monitoring.yaml
	EndProjectSection
EndProject
Project("{FAE04EC0-301F-11D3-BF4B-00C04F79EFBC}") = "TurboAuthentication", "TurboAuthentication\TurboAuthentication.csproj", "{9D4A6F38-AC6D-4CAA-8ADC-4142D8BB1868}"
EndProject
Project("{FAE04EC0-301F-11D3-BF4B-00C04F79EFBC}") = "Turbo.Auth.Behaviour", "tests\Turbo.Auth.Behaviour\Turbo.Auth.Behaviour.csproj", "{B1A11A01-0002-4A0E-B0AC-0E1A7E1A0002}"
EndProject
Project("{FAE04EC0-301F-11D3-BF4B-00C04F79EFBC}") = "Turbo.Geo.Behaviour", "tests\Turbo.Geo.Behaviour\Turbo.Geo.Behaviour.csproj", "{B1A11A01-0003-4A0E-B0AC-0E1A7E1A0003}"
EndProject
Project("{2150E333-8FDC-42A3-9474-1A3956D46DE8}") = "tests", "tests", "{0AB3BF05-4346-4AA6-1389-037BE0695223}"
EndProject
Project("{FAE04EC0-301F-11D3-BF4B-00C04F79EFBC}") = "Turbo.Gateway.Behaviour", "tests\Turbo.Gateway.Behaviour\Turbo.Gateway.Behaviour.csproj", "{4C7B4EE6-E602-48FC-9B52-376520BB7C19}"
EndProject
Project("{2150E333-8FDC-42A3-9474-1A3956D46DE8}") = "src", "src", "{827E0CD3-B72D-47B6-A68D-7590B98EB39B}"
EndProject
Project("{2150E333-8FDC-42A3-9474-1A3956D46DE8}") = "Geo", "Geo", "{235FC3C5-00AC-AF44-095E-A8AC17840C37}"
EndProject
Project("{FAE04EC0-301F-11D3-BF4B-00C04F79EFBC}") = "Turbo.Geo.Contracts", "src\Geo\Turbo.Geo.Contracts\Turbo.Geo.Contracts.csproj", "{3B2DEF92-B31B-4BD9-B7F0-E0576A266439}"
EndProject
Project("{FAE04EC0-301F-11D3-BF4B-00C04F79EFBC}") = "Turbo.Geo.Core", "src\Geo\Turbo.Geo.Core\Turbo.Geo.Core.csproj", "{31E01B33-C3B3-47EE-BA22-1C8C680FEFC5}"
EndProject
Project("{FAE04EC0-301F-11D3-BF4B-00C04F79EFBC}") = "Turbo.Geo.Infrastructure", "src\Geo\Turbo.Geo.Infrastructure\Turbo.Geo.Infrastructure.csproj", "{4E20CCE1-4584-48C7-AFF5-3A8C4B4E45DF}"
EndProject
Project("{FAE04EC0-301F-11D3-BF4B-00C04F79EFBC}") = "Turbo.Geo.Api", "src\Geo\Turbo.Geo.Api\Turbo.Geo.Api.csproj", "{3E74DB4A-4DA3-4B55-9B3F-4DD93FFC9D5E}"
EndProject
Project("{2150E333-8FDC-42A3-9474-1A3956D46DE8}") = "Auth", "Auth", "{E134C235-D229-4C0D-6747-D71D21D31FBE}"
EndProject
Project("{FAE04EC0-301F-11D3-BF4B-00C04F79EFBC}") = "Turbo.Auth.Contracts", "src\Auth\Turbo.Auth.Contracts\Turbo.Auth.Contracts.csproj", "{07C4F6BC-2246-471D-A860-42158AB91AEA}"
EndProject
Project("{FAE04EC0-301F-11D3-BF4B-00C04F79EFBC}") = "Turbo.Auth.Core", "src\Auth\Turbo.Auth.Core\Turbo.Auth.Core.csproj", "{C7D995A0-F7BD-4315-A797-D645CB383D31}"
EndProject
Project("{FAE04EC0-301F-11D3-BF4B-00C04F79EFBC}") = "Turbo.Auth.Infrastructure", "src\Auth\Turbo.Auth.Infrastructure\Turbo.Auth.Infrastructure.csproj", "{CDE2E9E7-C487-4408-A715-9340A358E481}"
EndProject
Project("{FAE04EC0-301F-11D3-BF4B-00C04F79EFBC}") = "Turbo.Auth.Api", "src\Auth\Turbo.Auth.Api\Turbo.Auth.Api.csproj", "{9BD654BF-BC29-4A87-B593-2BB50818F9CC}"
EndProject
Project("{2150E333-8FDC-42A3-9474-1A3956D46DE8}") = "Gateway", "Gateway", "{6306A8FB-679E-111F-6585-8F70E0EE6013}"
EndProject
Project("{FAE04EC0-301F-11D3-BF4B-00C04F79EFBC}") = "Turbo.Gateway", "src\Gateway\Turbo.Gateway.csproj", "{5079098D-89A6-4D2D-86BE-36FC48A01450}"
EndProject
Project("{2150E333-8FDC-42A3-9474-1A3956D46DE8}") = "Shared", "Shared", "{C8E42992-5E42-0C2B-DBFE-AA848D06431C}"
EndProject
Project("{FAE04EC0-301F-11D3-BF4B-00C04F79EFBC}") = "Turbo.Hosting.Postgres", "src\Shared\Turbo.Hosting.Postgres\Turbo.Hosting.Postgres.csproj", "{3B256FF8-27F9-4403-BC47-356606B1FACA}"
EndProject
Project("{2150E333-8FDC-42A3-9474-1A3956D46DE8}") = "Tracks", "Tracks", "{91C8A3F0-1A4A-4E80-B511-7C0123456789}"
EndProject
Project("{FAE04EC0-301F-11D3-BF4B-00C04F79EFBC}") = "Turbo.Tracks.Contracts", "src\Tracks\Turbo.Tracks.Contracts\Turbo.Tracks.Contracts.csproj", "{91C8A3F0-2001-4E80-B511-7C0123456789}"
EndProject
Project("{FAE04EC0-301F-11D3-BF4B-00C04F79EFBC}") = "Turbo.Tracks.Core", "src\Tracks\Turbo.Tracks.Core\Turbo.Tracks.Core.csproj", "{91C8A3F0-2002-4E80-B511-7C0123456789}"
EndProject
Project("{FAE04EC0-301F-11D3-BF4B-00C04F79EFBC}") = "Turbo.Tracks.Infrastructure", "src\Tracks\Turbo.Tracks.Infrastructure\Turbo.Tracks.Infrastructure.csproj", "{91C8A3F0-2003-4E80-B511-7C0123456789}"
EndProject
Project("{FAE04EC0-301F-11D3-BF4B-00C04F79EFBC}") = "Turbo.Tracks.Api", "src\Tracks\Turbo.Tracks.Api\Turbo.Tracks.Api.csproj", "{91C8A3F0-2004-4E80-B511-7C0123456789}"
EndProject
Project("{FAE04EC0-301F-11D3-BF4B-00C04F79EFBC}") = "Turbo.Host.Tracks", "hosts\Turbo.Host.Tracks\Turbo.Host.Tracks.csproj", "{91C8A3F0-3001-4E80-B511-7C0123456789}"
EndProject
Project("{FAE04EC0-301F-11D3-BF4B-00C04F79EFBC}") = "Turbo.Tracks.Behaviour", "tests\Turbo.Tracks.Behaviour\Turbo.Tracks.Behaviour.csproj", "{91C8A3F0-4001-4E80-B511-7C0123456789}"
EndProject
Project("{2150E333-8FDC-42A3-9474-1A3956D46DE8}") = "Collections", "Collections", "{A2D4B5F0-1A4A-4E80-B511-7C0987654321}"
EndProject
Project("{FAE04EC0-301F-11D3-BF4B-00C04F79EFBC}") = "Turbo.Collections.Contracts", "src\Collections\Turbo.Collections.Contracts\Turbo.Collections.Contracts.csproj", "{A2D4B5F0-2001-4E80-B511-7C0987654321}"
EndProject
Project("{FAE04EC0-301F-11D3-BF4B-00C04F79EFBC}") = "Turbo.Collections.Core", "src\Collections\Turbo.Collections.Core\Turbo.Collections.Core.csproj", "{A2D4B5F0-2002-4E80-B511-7C0987654321}"
EndProject
Project("{FAE04EC0-301F-11D3-BF4B-00C04F79EFBC}") = "Turbo.Collections.Infrastructure", "src\Collections\Turbo.Collections.Infrastructure\Turbo.Collections.Infrastructure.csproj", "{A2D4B5F0-2003-4E80-B511-7C0987654321}"
EndProject
Project("{FAE04EC0-301F-11D3-BF4B-00C04F79EFBC}") = "Turbo.Collections.Api", "src\Collections\Turbo.Collections.Api\Turbo.Collections.Api.csproj", "{A2D4B5F0-2004-4E80-B511-7C0987654321}"
EndProject
Project("{2150E333-8FDC-42A3-9474-1A3956D46DE8}") = "Activities", "Activities", "{D5C7E1A0-1A4A-4E80-B511-7C0ABC123456}"
EndProject
Project("{FAE04EC0-301F-11D3-BF4B-00C04F79EFBC}") = "Turbo.Activities.Shared.Contracts", "src\Activities\Turbo.Activities.Shared.Contracts\Turbo.Activities.Shared.Contracts.csproj", "{D5C7E1A0-2001-4E80-B511-7C0ABC123456}"
EndProject
Project("{FAE04EC0-301F-11D3-BF4B-00C04F79EFBC}") = "Turbo.Activities.Shared.Core", "src\Activities\Turbo.Activities.Shared.Core\Turbo.Activities.Shared.Core.csproj", "{D5C7E1A0-2002-4E80-B511-7C0ABC123456}"
EndProject
Project("{FAE04EC0-301F-11D3-BF4B-00C04F79EFBC}") = "Turbo.Activities.Shared.Infrastructure", "src\Activities\Turbo.Activities.Shared.Infrastructure\Turbo.Activities.Shared.Infrastructure.csproj", "{D5C7E1A0-2003-4E80-B511-7C0ABC123456}"
EndProject
Project("{FAE04EC0-301F-11D3-BF4B-00C04F79EFBC}") = "Turbo.Activities.Shared.Api", "src\Activities\Turbo.Activities.Shared.Api\Turbo.Activities.Shared.Api.csproj", "{D5C7E1A0-2004-4E80-B511-7C0ABC123456}"
EndProject
Project("{FAE04EC0-301F-11D3-BF4B-00C04F79EFBC}") = "Turbo.Activities.Fishing.Contracts", "src\Activities\Turbo.Activities.Fishing.Contracts\Turbo.Activities.Fishing.Contracts.csproj", "{D5C7E1A0-3001-4E80-B511-7C0ABC123456}"
EndProject
Project("{FAE04EC0-301F-11D3-BF4B-00C04F79EFBC}") = "Turbo.Activities.Fishing.Core", "src\Activities\Turbo.Activities.Fishing.Core\Turbo.Activities.Fishing.Core.csproj", "{D5C7E1A0-3002-4E80-B511-7C0ABC123456}"
EndProject
Project("{FAE04EC0-301F-11D3-BF4B-00C04F79EFBC}") = "Turbo.Activities.Fishing.Infrastructure", "src\Activities\Turbo.Activities.Fishing.Infrastructure\Turbo.Activities.Fishing.Infrastructure.csproj", "{D5C7E1A0-3003-4E80-B511-7C0ABC123456}"
EndProject
Project("{FAE04EC0-301F-11D3-BF4B-00C04F79EFBC}") = "Turbo.Activities.Fishing.Api", "src\Activities\Turbo.Activities.Fishing.Api\Turbo.Activities.Fishing.Api.csproj", "{D5C7E1A0-3004-4E80-B511-7C0ABC123456}"
EndProject
Project("{FAE04EC0-301F-11D3-BF4B-00C04F79EFBC}") = "Turbo.Activities.Unit", "tests\Turbo.Activities.Unit\Turbo.Activities.Unit.csproj", "{D5C7E1A0-4001-4E80-B511-7C0ABC123456}"
EndProject
Project("{FAE04EC0-301F-11D3-BF4B-00C04F79EFBC}") = "Turbo.Host.Collections", "hosts\Turbo.Host.Collections\Turbo.Host.Collections.csproj", "{A2D4B5F0-3001-4E80-B511-7C0987654321}"
EndProject
Project("{FAE04EC0-301F-11D3-BF4B-00C04F79EFBC}") = "Turbo.Collections.Behaviour", "tests\Turbo.Collections.Behaviour\Turbo.Collections.Behaviour.csproj", "{A2D4B5F0-4001-4E80-B511-7C0987654321}"
EndProject
Project("{FAE04EC0-301F-11D3-BF4B-00C04F79EFBC}") = "Turbo.Activities.BackcountrySki.Contracts", "src\Activities\Turbo.Activities.BackcountrySki.Contracts\Turbo.Activities.BackcountrySki.Contracts.csproj", "{146EE26A-7A37-43D4-98C8-0412F3C2412D}"
EndProject
Project("{FAE04EC0-301F-11D3-BF4B-00C04F79EFBC}") = "Turbo.Activities.BackcountrySki.Core", "src\Activities\Turbo.Activities.BackcountrySki.Core\Turbo.Activities.BackcountrySki.Core.csproj", "{0F2504FB-AEAF-4165-8833-BC974F924824}"
EndProject
Project("{FAE04EC0-301F-11D3-BF4B-00C04F79EFBC}") = "Turbo.Activities.BackcountrySki.Infrastructure", "src\Activities\Turbo.Activities.BackcountrySki.Infrastructure\Turbo.Activities.BackcountrySki.Infrastructure.csproj", "{1BC13817-D4B8-45E6-9DDC-1E73431E4405}"
EndProject
Project("{FAE04EC0-301F-11D3-BF4B-00C04F79EFBC}") = "Turbo.Activities.BackcountrySki.Api", "src\Activities\Turbo.Activities.BackcountrySki.Api\Turbo.Activities.BackcountrySki.Api.csproj", "{1FE8377D-7CD6-4E94-A295-EDB78590D705}"
EndProject
Project("{FAE04EC0-301F-11D3-BF4B-00C04F79EFBC}") = "Turbo.Activities.Hiking.Contracts", "src\Activities\Turbo.Activities.Hiking.Contracts\Turbo.Activities.Hiking.Contracts.csproj", "{74CC5467-566A-425F-A543-0084EAAB2F4B}"
EndProject
Project("{FAE04EC0-301F-11D3-BF4B-00C04F79EFBC}") = "Turbo.Activities.Hiking.Core", "src\Activities\Turbo.Activities.Hiking.Core\Turbo.Activities.Hiking.Core.csproj", "{23E43D83-A215-4AC8-84DE-08E649716B7A}"
EndProject
Project("{FAE04EC0-301F-11D3-BF4B-00C04F79EFBC}") = "Turbo.Activities.Hiking.Infrastructure", "src\Activities\Turbo.Activities.Hiking.Infrastructure\Turbo.Activities.Hiking.Infrastructure.csproj", "{B83759A7-CDEE-4B93-82A7-B2D0C0B59665}"
EndProject
Project("{FAE04EC0-301F-11D3-BF4B-00C04F79EFBC}") = "Turbo.Activities.Hiking.Api", "src\Activities\Turbo.Activities.Hiking.Api\Turbo.Activities.Hiking.Api.csproj", "{44C3126E-4E86-4A75-A180-CBF31203F503}"
EndProject
Project("{FAE04EC0-301F-11D3-BF4B-00C04F79EFBC}") = "Turbo.Activities.XcSki.Api", "src\Activities\Turbo.Activities.XcSki.Api\Turbo.Activities.XcSki.Api.csproj", "{0EDE99A3-0824-4D78-A680-26C8ACF8F46E}"
EndProject
Project("{FAE04EC0-301F-11D3-BF4B-00C04F79EFBC}") = "Turbo.Activities.XcSki.Core", "src\Activities\Turbo.Activities.XcSki.Core\Turbo.Activities.XcSki.Core.csproj", "{197695E0-1963-494A-8706-FDE6AF46D037}"
EndProject
Project("{FAE04EC0-301F-11D3-BF4B-00C04F79EFBC}") = "Turbo.Activities.XcSki.Contracts", "src\Activities\Turbo.Activities.XcSki.Contracts\Turbo.Activities.XcSki.Contracts.csproj", "{5C677F90-7F81-414D-BD72-C58749781AFD}"
EndProject
Project("{FAE04EC0-301F-11D3-BF4B-00C04F79EFBC}") = "Turbo.Activities.XcSki.Infrastructure", "src\Activities\Turbo.Activities.XcSki.Infrastructure\Turbo.Activities.XcSki.Infrastructure.csproj", "{F4E53686-A31E-4408-93F9-A69FE4B82840}"
EndProject
Project("{FAE04EC0-301F-11D3-BF4B-00C04F79EFBC}") = "Turbo.Activities.Packrafting.Api", "src\Activities\Turbo.Activities.Packrafting.Api\Turbo.Activities.Packrafting.Api.csproj", "{94CB0031-71D3-4C0F-AAF9-C0472A3839C9}"
EndProject
Project("{FAE04EC0-301F-11D3-BF4B-00C04F79EFBC}") = "Turbo.Activities.Packrafting.Core", "src\Activities\Turbo.Activities.Packrafting.Core\Turbo.Activities.Packrafting.Core.csproj", "{56AC1CCC-0BF7-4400-AB0D-30888F114C0B}"
EndProject
Project("{FAE04EC0-301F-11D3-BF4B-00C04F79EFBC}") = "Turbo.Activities.Packrafting.Contracts", "src\Activities\Turbo.Activities.Packrafting.Contracts\Turbo.Activities.Packrafting.Contracts.csproj", "{EBC621F7-CCCA-41D9-9FC7-0921CC00BF6E}"
EndProject
Project("{FAE04EC0-301F-11D3-BF4B-00C04F79EFBC}") = "Turbo.Activities.Packrafting.Infrastructure", "src\Activities\Turbo.Activities.Packrafting.Infrastructure\Turbo.Activities.Packrafting.Infrastructure.csproj", "{222F25F3-261D-4F9B-B53C-2635904094A4}"
EndProject
Project("{FAE04EC0-301F-11D3-BF4B-00C04F79EFBC}") = "Turbo.Activities.Freediving.Api", "src\Activities\Turbo.Activities.Freediving.Api\Turbo.Activities.Freediving.Api.csproj", "{478FF259-B0D4-410D-89E2-447DF96D3D04}"
EndProject
Project("{FAE04EC0-301F-11D3-BF4B-00C04F79EFBC}") = "Turbo.Activities.Freediving.Core", "src\Activities\Turbo.Activities.Freediving.Core\Turbo.Activities.Freediving.Core.csproj", "{D77D4D3A-CF72-4878-B9EF-30F2064E2312}"
EndProject
Project("{FAE04EC0-301F-11D3-BF4B-00C04F79EFBC}") = "Turbo.Activities.Freediving.Contracts", "src\Activities\Turbo.Activities.Freediving.Contracts\Turbo.Activities.Freediving.Contracts.csproj", "{510FF891-49A2-4F0B-95CD-7EC16FBBC126}"
EndProject
Project("{FAE04EC0-301F-11D3-BF4B-00C04F79EFBC}") = "Turbo.Activities.Freediving.Infrastructure", "src\Activities\Turbo.Activities.Freediving.Infrastructure\Turbo.Activities.Freediving.Infrastructure.csproj", "{1CE92FBD-844C-4EB3-933D-D416DE9E7B61}"
EndProject
Project("{2150E333-8FDC-42A3-9474-1A3956D46DE8}") = "hosts", "hosts", "{2F3EF1A3-B2B0-B28C-122D-FFB85167A4CE}"
EndProject
Project("{FAE04EC0-301F-11D3-BF4B-00C04F79EFBC}") = "Turbo.Host.Activities", "hosts\Turbo.Host.Activities\Turbo.Host.Activities.csproj", "{6CB6221D-C221-4ECF-BC7E-DBB29B1AA147}"
EndProject
Project("{2150E333-8FDC-42A3-9474-1A3956D46DE8}") = "Sharing", "Sharing", "{EB682BE7-4470-E274-DF39-1AE5C83DEC77}"
EndProject
Project("{FAE04EC0-301F-11D3-BF4B-00C04F79EFBC}") = "Turbo.Sharing.Contracts", "src\Sharing\Turbo.Sharing.Contracts\Turbo.Sharing.Contracts.csproj", "{FEBA459E-0CB7-4407-900D-BFA9DE9A2963}"
EndProject
Project("{FAE04EC0-301F-11D3-BF4B-00C04F79EFBC}") = "Turbo.Sharing.Core", "src\Sharing\Turbo.Sharing.Core\Turbo.Sharing.Core.csproj", "{63472D01-FB4E-4C25-B76C-B22D86AC266B}"
EndProject
Project("{FAE04EC0-301F-11D3-BF4B-00C04F79EFBC}") = "Turbo.Sharing.Infrastructure", "src\Sharing\Turbo.Sharing.Infrastructure\Turbo.Sharing.Infrastructure.csproj", "{0C783B07-C021-43F7-8C99-FDFF0C6BDD39}"
EndProject
Project("{FAE04EC0-301F-11D3-BF4B-00C04F79EFBC}") = "Turbo.Sharing.Api", "src\Sharing\Turbo.Sharing.Api\Turbo.Sharing.Api.csproj", "{84B55747-9A16-45F7-9B73-509F4788044A}"
EndProject
Project("{FAE04EC0-301F-11D3-BF4B-00C04F79EFBC}") = "Turbo.Sharing.Behaviour", "tests\Turbo.Sharing.Behaviour\Turbo.Sharing.Behaviour.csproj", "{D4FFCE3D-5FE9-4A09-B504-05FCB390F4C7}"
EndProject
Global
	GlobalSection(SolutionConfigurationPlatforms) = preSolution
		Debug|Any CPU = Debug|Any CPU
		Debug|x64 = Debug|x64
		Debug|x86 = Debug|x86
		Release|Any CPU = Release|Any CPU
		Release|x64 = Release|x64
		Release|x86 = Release|x86
	EndGlobalSection
	GlobalSection(ProjectConfigurationPlatforms) = postSolution
		{C2A22A02-0001-4A0E-B0AC-0E1A7E1A0010}.Debug|Any CPU.ActiveCfg = Debug|Any CPU
		{C2A22A02-0001-4A0E-B0AC-0E1A7E1A0010}.Debug|Any CPU.Build.0 = Debug|Any CPU
		{C2A22A02-0001-4A0E-B0AC-0E1A7E1A0010}.Debug|x64.ActiveCfg = Debug|Any CPU
		{C2A22A02-0001-4A0E-B0AC-0E1A7E1A0010}.Debug|x64.Build.0 = Debug|Any CPU
		{C2A22A02-0001-4A0E-B0AC-0E1A7E1A0010}.Debug|x86.ActiveCfg = Debug|Any CPU
		{C2A22A02-0001-4A0E-B0AC-0E1A7E1A0010}.Debug|x86.Build.0 = Debug|Any CPU
		{C2A22A02-0001-4A0E-B0AC-0E1A7E1A0010}.Release|Any CPU.ActiveCfg = Release|Any CPU
		{C2A22A02-0001-4A0E-B0AC-0E1A7E1A0010}.Release|Any CPU.Build.0 = Release|Any CPU
		{C2A22A02-0001-4A0E-B0AC-0E1A7E1A0010}.Release|x64.ActiveCfg = Release|Any CPU
		{C2A22A02-0001-4A0E-B0AC-0E1A7E1A0010}.Release|x64.Build.0 = Release|Any CPU
		{C2A22A02-0001-4A0E-B0AC-0E1A7E1A0010}.Release|x86.ActiveCfg = Release|Any CPU
		{C2A22A02-0001-4A0E-B0AC-0E1A7E1A0010}.Release|x86.Build.0 = Release|Any CPU
		{C2A22A02-0002-4A0E-B0AC-0E1A7E1A0011}.Debug|Any CPU.ActiveCfg = Debug|Any CPU
		{C2A22A02-0002-4A0E-B0AC-0E1A7E1A0011}.Debug|Any CPU.Build.0 = Debug|Any CPU
		{C2A22A02-0002-4A0E-B0AC-0E1A7E1A0011}.Debug|x64.ActiveCfg = Debug|Any CPU
		{C2A22A02-0002-4A0E-B0AC-0E1A7E1A0011}.Debug|x64.Build.0 = Debug|Any CPU
		{C2A22A02-0002-4A0E-B0AC-0E1A7E1A0011}.Debug|x86.ActiveCfg = Debug|Any CPU
		{C2A22A02-0002-4A0E-B0AC-0E1A7E1A0011}.Debug|x86.Build.0 = Debug|Any CPU
		{C2A22A02-0002-4A0E-B0AC-0E1A7E1A0011}.Release|Any CPU.ActiveCfg = Release|Any CPU
		{C2A22A02-0002-4A0E-B0AC-0E1A7E1A0011}.Release|Any CPU.Build.0 = Release|Any CPU
		{C2A22A02-0002-4A0E-B0AC-0E1A7E1A0011}.Release|x64.ActiveCfg = Release|Any CPU
		{C2A22A02-0002-4A0E-B0AC-0E1A7E1A0011}.Release|x64.Build.0 = Release|Any CPU
		{C2A22A02-0002-4A0E-B0AC-0E1A7E1A0011}.Release|x86.ActiveCfg = Release|Any CPU
		{C2A22A02-0002-4A0E-B0AC-0E1A7E1A0011}.Release|x86.Build.0 = Release|Any CPU
		{C2A22A02-0003-4A0E-B0AC-0E1A7E1A0012}.Debug|Any CPU.ActiveCfg = Debug|Any CPU
		{C2A22A02-0003-4A0E-B0AC-0E1A7E1A0012}.Debug|Any CPU.Build.0 = Debug|Any CPU
		{C2A22A02-0003-4A0E-B0AC-0E1A7E1A0012}.Debug|x64.ActiveCfg = Debug|Any CPU
		{C2A22A02-0003-4A0E-B0AC-0E1A7E1A0012}.Debug|x64.Build.0 = Debug|Any CPU
		{C2A22A02-0003-4A0E-B0AC-0E1A7E1A0012}.Debug|x86.ActiveCfg = Debug|Any CPU
		{C2A22A02-0003-4A0E-B0AC-0E1A7E1A0012}.Debug|x86.Build.0 = Debug|Any CPU
		{C2A22A02-0003-4A0E-B0AC-0E1A7E1A0012}.Release|Any CPU.ActiveCfg = Release|Any CPU
		{C2A22A02-0003-4A0E-B0AC-0E1A7E1A0012}.Release|Any CPU.Build.0 = Release|Any CPU
		{C2A22A02-0003-4A0E-B0AC-0E1A7E1A0012}.Release|x64.ActiveCfg = Release|Any CPU
		{C2A22A02-0003-4A0E-B0AC-0E1A7E1A0012}.Release|x64.Build.0 = Release|Any CPU
		{C2A22A02-0003-4A0E-B0AC-0E1A7E1A0012}.Release|x86.ActiveCfg = Release|Any CPU
		{C2A22A02-0003-4A0E-B0AC-0E1A7E1A0012}.Release|x86.Build.0 = Release|Any CPU
		{C2A22A02-0004-4A0E-B0AC-0E1A7E1A0013}.Debug|Any CPU.ActiveCfg = Debug|Any CPU
		{C2A22A02-0004-4A0E-B0AC-0E1A7E1A0013}.Debug|Any CPU.Build.0 = Debug|Any CPU
		{C2A22A02-0004-4A0E-B0AC-0E1A7E1A0013}.Debug|x64.ActiveCfg = Debug|Any CPU
		{C2A22A02-0004-4A0E-B0AC-0E1A7E1A0013}.Debug|x64.Build.0 = Debug|Any CPU
		{C2A22A02-0004-4A0E-B0AC-0E1A7E1A0013}.Debug|x86.ActiveCfg = Debug|Any CPU
		{C2A22A02-0004-4A0E-B0AC-0E1A7E1A0013}.Debug|x86.Build.0 = Debug|Any CPU
		{C2A22A02-0004-4A0E-B0AC-0E1A7E1A0013}.Release|Any CPU.ActiveCfg = Release|Any CPU
		{C2A22A02-0004-4A0E-B0AC-0E1A7E1A0013}.Release|Any CPU.Build.0 = Release|Any CPU
		{C2A22A02-0004-4A0E-B0AC-0E1A7E1A0013}.Release|x64.ActiveCfg = Release|Any CPU
		{C2A22A02-0004-4A0E-B0AC-0E1A7E1A0013}.Release|x64.Build.0 = Release|Any CPU
		{C2A22A02-0004-4A0E-B0AC-0E1A7E1A0013}.Release|x86.ActiveCfg = Release|Any CPU
		{C2A22A02-0004-4A0E-B0AC-0E1A7E1A0013}.Release|x86.Build.0 = Release|Any CPU
		{C2A22A02-0005-4A0E-B0AC-0E1A7E1A0014}.Debug|Any CPU.ActiveCfg = Debug|Any CPU
		{C2A22A02-0005-4A0E-B0AC-0E1A7E1A0014}.Debug|Any CPU.Build.0 = Debug|Any CPU
		{C2A22A02-0005-4A0E-B0AC-0E1A7E1A0014}.Debug|x64.ActiveCfg = Debug|Any CPU
		{C2A22A02-0005-4A0E-B0AC-0E1A7E1A0014}.Debug|x64.Build.0 = Debug|Any CPU
		{C2A22A02-0005-4A0E-B0AC-0E1A7E1A0014}.Debug|x86.ActiveCfg = Debug|Any CPU
		{C2A22A02-0005-4A0E-B0AC-0E1A7E1A0014}.Debug|x86.Build.0 = Debug|Any CPU
		{C2A22A02-0005-4A0E-B0AC-0E1A7E1A0014}.Release|Any CPU.ActiveCfg = Release|Any CPU
		{C2A22A02-0005-4A0E-B0AC-0E1A7E1A0014}.Release|Any CPU.Build.0 = Release|Any CPU
		{C2A22A02-0005-4A0E-B0AC-0E1A7E1A0014}.Release|x64.ActiveCfg = Release|Any CPU
		{C2A22A02-0005-4A0E-B0AC-0E1A7E1A0014}.Release|x64.Build.0 = Release|Any CPU
		{C2A22A02-0005-4A0E-B0AC-0E1A7E1A0014}.Release|x86.ActiveCfg = Release|Any CPU
		{C2A22A02-0005-4A0E-B0AC-0E1A7E1A0014}.Release|x86.Build.0 = Release|Any CPU
		{C2A22A02-0006-4A0E-B0AC-0E1A7E1A0015}.Debug|Any CPU.ActiveCfg = Debug|Any CPU
		{C2A22A02-0006-4A0E-B0AC-0E1A7E1A0015}.Debug|Any CPU.Build.0 = Debug|Any CPU
		{C2A22A02-0006-4A0E-B0AC-0E1A7E1A0015}.Debug|x64.ActiveCfg = Debug|Any CPU
		{C2A22A02-0006-4A0E-B0AC-0E1A7E1A0015}.Debug|x64.Build.0 = Debug|Any CPU
		{C2A22A02-0006-4A0E-B0AC-0E1A7E1A0015}.Debug|x86.ActiveCfg = Debug|Any CPU
		{C2A22A02-0006-4A0E-B0AC-0E1A7E1A0015}.Debug|x86.Build.0 = Debug|Any CPU
		{C2A22A02-0006-4A0E-B0AC-0E1A7E1A0015}.Release|Any CPU.ActiveCfg = Release|Any CPU
		{C2A22A02-0006-4A0E-B0AC-0E1A7E1A0015}.Release|Any CPU.Build.0 = Release|Any CPU
		{C2A22A02-0006-4A0E-B0AC-0E1A7E1A0015}.Release|x64.ActiveCfg = Release|Any CPU
		{C2A22A02-0006-4A0E-B0AC-0E1A7E1A0015}.Release|x64.Build.0 = Release|Any CPU
		{C2A22A02-0006-4A0E-B0AC-0E1A7E1A0015}.Release|x86.ActiveCfg = Release|Any CPU
		{C2A22A02-0006-4A0E-B0AC-0E1A7E1A0015}.Release|x86.Build.0 = Release|Any CPU
		{C2A22A02-0007-4A0E-B0AC-0E1A7E1A0016}.Debug|Any CPU.ActiveCfg = Debug|Any CPU
		{C2A22A02-0007-4A0E-B0AC-0E1A7E1A0016}.Debug|Any CPU.Build.0 = Debug|Any CPU
		{C2A22A02-0007-4A0E-B0AC-0E1A7E1A0016}.Debug|x64.ActiveCfg = Debug|Any CPU
		{C2A22A02-0007-4A0E-B0AC-0E1A7E1A0016}.Debug|x64.Build.0 = Debug|Any CPU
		{C2A22A02-0007-4A0E-B0AC-0E1A7E1A0016}.Debug|x86.ActiveCfg = Debug|Any CPU
		{C2A22A02-0007-4A0E-B0AC-0E1A7E1A0016}.Debug|x86.Build.0 = Debug|Any CPU
		{C2A22A02-0007-4A0E-B0AC-0E1A7E1A0016}.Release|Any CPU.ActiveCfg = Release|Any CPU
		{C2A22A02-0007-4A0E-B0AC-0E1A7E1A0016}.Release|Any CPU.Build.0 = Release|Any CPU
		{C2A22A02-0007-4A0E-B0AC-0E1A7E1A0016}.Release|x64.ActiveCfg = Release|Any CPU
		{C2A22A02-0007-4A0E-B0AC-0E1A7E1A0016}.Release|x64.Build.0 = Release|Any CPU
		{C2A22A02-0007-4A0E-B0AC-0E1A7E1A0016}.Release|x86.ActiveCfg = Release|Any CPU
		{C2A22A02-0007-4A0E-B0AC-0E1A7E1A0016}.Release|x86.Build.0 = Release|Any CPU
		{C2A22A02-0008-4A0E-B0AC-0E1A7E1A0017}.Debug|Any CPU.ActiveCfg = Debug|Any CPU
		{C2A22A02-0008-4A0E-B0AC-0E1A7E1A0017}.Debug|Any CPU.Build.0 = Debug|Any CPU
		{C2A22A02-0008-4A0E-B0AC-0E1A7E1A0017}.Debug|x64.ActiveCfg = Debug|Any CPU
		{C2A22A02-0008-4A0E-B0AC-0E1A7E1A0017}.Debug|x64.Build.0 = Debug|Any CPU
		{C2A22A02-0008-4A0E-B0AC-0E1A7E1A0017}.Debug|x86.ActiveCfg = Debug|Any CPU
		{C2A22A02-0008-4A0E-B0AC-0E1A7E1A0017}.Debug|x86.Build.0 = Debug|Any CPU
		{C2A22A02-0008-4A0E-B0AC-0E1A7E1A0017}.Release|Any CPU.ActiveCfg = Release|Any CPU
		{C2A22A02-0008-4A0E-B0AC-0E1A7E1A0017}.Release|Any CPU.Build.0 = Release|Any CPU
		{C2A22A02-0008-4A0E-B0AC-0E1A7E1A0017}.Release|x64.ActiveCfg = Release|Any CPU
		{C2A22A02-0008-4A0E-B0AC-0E1A7E1A0017}.Release|x64.Build.0 = Release|Any CPU
		{C2A22A02-0008-4A0E-B0AC-0E1A7E1A0017}.Release|x86.ActiveCfg = Release|Any CPU
		{C2A22A02-0008-4A0E-B0AC-0E1A7E1A0017}.Release|x86.Build.0 = Release|Any CPU
		{C2A22A02-000A-4A0E-B0AC-0E1A7E1A0019}.Debug|Any CPU.ActiveCfg = Debug|Any CPU
		{C2A22A02-000A-4A0E-B0AC-0E1A7E1A0019}.Debug|Any CPU.Build.0 = Debug|Any CPU
		{C2A22A02-000A-4A0E-B0AC-0E1A7E1A0019}.Debug|x64.ActiveCfg = Debug|Any CPU
		{C2A22A02-000A-4A0E-B0AC-0E1A7E1A0019}.Debug|x64.Build.0 = Debug|Any CPU
		{C2A22A02-000A-4A0E-B0AC-0E1A7E1A0019}.Debug|x86.ActiveCfg = Debug|Any CPU
		{C2A22A02-000A-4A0E-B0AC-0E1A7E1A0019}.Debug|x86.Build.0 = Debug|Any CPU
		{C2A22A02-000A-4A0E-B0AC-0E1A7E1A0019}.Release|Any CPU.ActiveCfg = Release|Any CPU
		{C2A22A02-000A-4A0E-B0AC-0E1A7E1A0019}.Release|Any CPU.Build.0 = Release|Any CPU
		{C2A22A02-000A-4A0E-B0AC-0E1A7E1A0019}.Release|x64.ActiveCfg = Release|Any CPU
		{C2A22A02-000A-4A0E-B0AC-0E1A7E1A0019}.Release|x64.Build.0 = Release|Any CPU
		{C2A22A02-000A-4A0E-B0AC-0E1A7E1A0019}.Release|x86.ActiveCfg = Release|Any CPU
		{C2A22A02-000A-4A0E-B0AC-0E1A7E1A0019}.Release|x86.Build.0 = Release|Any CPU
		{C2A22A02-000B-4A0E-B0AC-0E1A7E1A001A}.Debug|Any CPU.ActiveCfg = Debug|Any CPU
		{C2A22A02-000B-4A0E-B0AC-0E1A7E1A001A}.Debug|Any CPU.Build.0 = Debug|Any CPU
		{C2A22A02-000B-4A0E-B0AC-0E1A7E1A001A}.Debug|x64.ActiveCfg = Debug|Any CPU
		{C2A22A02-000B-4A0E-B0AC-0E1A7E1A001A}.Debug|x64.Build.0 = Debug|Any CPU
		{C2A22A02-000B-4A0E-B0AC-0E1A7E1A001A}.Debug|x86.ActiveCfg = Debug|Any CPU
		{C2A22A02-000B-4A0E-B0AC-0E1A7E1A001A}.Debug|x86.Build.0 = Debug|Any CPU
		{C2A22A02-000B-4A0E-B0AC-0E1A7E1A001A}.Release|Any CPU.ActiveCfg = Release|Any CPU
		{C2A22A02-000B-4A0E-B0AC-0E1A7E1A001A}.Release|Any CPU.Build.0 = Release|Any CPU
		{C2A22A02-000B-4A0E-B0AC-0E1A7E1A001A}.Release|x64.ActiveCfg = Release|Any CPU
		{C2A22A02-000B-4A0E-B0AC-0E1A7E1A001A}.Release|x64.Build.0 = Release|Any CPU
		{C2A22A02-000B-4A0E-B0AC-0E1A7E1A001A}.Release|x86.ActiveCfg = Release|Any CPU
		{C2A22A02-000B-4A0E-B0AC-0E1A7E1A001A}.Release|x86.Build.0 = Release|Any CPU
		{C2A22A02-000C-4A0E-B0AC-0E1A7E1A001B}.Debug|Any CPU.ActiveCfg = Debug|Any CPU
		{C2A22A02-000C-4A0E-B0AC-0E1A7E1A001B}.Debug|Any CPU.Build.0 = Debug|Any CPU
		{C2A22A02-000C-4A0E-B0AC-0E1A7E1A001B}.Debug|x64.ActiveCfg = Debug|Any CPU
		{C2A22A02-000C-4A0E-B0AC-0E1A7E1A001B}.Debug|x64.Build.0 = Debug|Any CPU
		{C2A22A02-000C-4A0E-B0AC-0E1A7E1A001B}.Debug|x86.ActiveCfg = Debug|Any CPU
		{C2A22A02-000C-4A0E-B0AC-0E1A7E1A001B}.Debug|x86.Build.0 = Debug|Any CPU
		{C2A22A02-000C-4A0E-B0AC-0E1A7E1A001B}.Release|Any CPU.ActiveCfg = Release|Any CPU
		{C2A22A02-000C-4A0E-B0AC-0E1A7E1A001B}.Release|Any CPU.Build.0 = Release|Any CPU
		{C2A22A02-000C-4A0E-B0AC-0E1A7E1A001B}.Release|x64.ActiveCfg = Release|Any CPU
		{C2A22A02-000C-4A0E-B0AC-0E1A7E1A001B}.Release|x64.Build.0 = Release|Any CPU
		{C2A22A02-000C-4A0E-B0AC-0E1A7E1A001B}.Release|x86.ActiveCfg = Release|Any CPU
		{C2A22A02-000C-4A0E-B0AC-0E1A7E1A001B}.Release|x86.Build.0 = Release|Any CPU
		{C2A22A02-000D-4A0E-B0AC-0E1A7E1A001C}.Debug|Any CPU.ActiveCfg = Debug|Any CPU
		{C2A22A02-000D-4A0E-B0AC-0E1A7E1A001C}.Debug|Any CPU.Build.0 = Debug|Any CPU
		{C2A22A02-000D-4A0E-B0AC-0E1A7E1A001C}.Debug|x64.ActiveCfg = Debug|Any CPU
		{C2A22A02-000D-4A0E-B0AC-0E1A7E1A001C}.Debug|x64.Build.0 = Debug|Any CPU
		{C2A22A02-000D-4A0E-B0AC-0E1A7E1A001C}.Debug|x86.ActiveCfg = Debug|Any CPU
		{C2A22A02-000D-4A0E-B0AC-0E1A7E1A001C}.Debug|x86.Build.0 = Debug|Any CPU
		{C2A22A02-000D-4A0E-B0AC-0E1A7E1A001C}.Release|Any CPU.ActiveCfg = Release|Any CPU
		{C2A22A02-000D-4A0E-B0AC-0E1A7E1A001C}.Release|Any CPU.Build.0 = Release|Any CPU
		{C2A22A02-000D-4A0E-B0AC-0E1A7E1A001C}.Release|x64.ActiveCfg = Release|Any CPU
		{C2A22A02-000D-4A0E-B0AC-0E1A7E1A001C}.Release|x64.Build.0 = Release|Any CPU
		{C2A22A02-000D-4A0E-B0AC-0E1A7E1A001C}.Release|x86.ActiveCfg = Release|Any CPU
		{C2A22A02-000D-4A0E-B0AC-0E1A7E1A001C}.Release|x86.Build.0 = Release|Any CPU
		{9D4A6F38-AC6D-4CAA-8ADC-4142D8BB1868}.Debug|Any CPU.ActiveCfg = Debug|Any CPU
		{9D4A6F38-AC6D-4CAA-8ADC-4142D8BB1868}.Debug|Any CPU.Build.0 = Debug|Any CPU
		{9D4A6F38-AC6D-4CAA-8ADC-4142D8BB1868}.Debug|x64.ActiveCfg = Debug|Any CPU
		{9D4A6F38-AC6D-4CAA-8ADC-4142D8BB1868}.Debug|x64.Build.0 = Debug|Any CPU
		{9D4A6F38-AC6D-4CAA-8ADC-4142D8BB1868}.Debug|x86.ActiveCfg = Debug|Any CPU
		{9D4A6F38-AC6D-4CAA-8ADC-4142D8BB1868}.Debug|x86.Build.0 = Debug|Any CPU
		{9D4A6F38-AC6D-4CAA-8ADC-4142D8BB1868}.Release|Any CPU.ActiveCfg = Release|Any CPU
		{9D4A6F38-AC6D-4CAA-8ADC-4142D8BB1868}.Release|Any CPU.Build.0 = Release|Any CPU
		{9D4A6F38-AC6D-4CAA-8ADC-4142D8BB1868}.Release|x64.ActiveCfg = Release|Any CPU
		{9D4A6F38-AC6D-4CAA-8ADC-4142D8BB1868}.Release|x64.Build.0 = Release|Any CPU
		{9D4A6F38-AC6D-4CAA-8ADC-4142D8BB1868}.Release|x86.ActiveCfg = Release|Any CPU
		{9D4A6F38-AC6D-4CAA-8ADC-4142D8BB1868}.Release|x86.Build.0 = Release|Any CPU
		{B1A11A01-0002-4A0E-B0AC-0E1A7E1A0002}.Debug|Any CPU.ActiveCfg = Debug|Any CPU
		{B1A11A01-0002-4A0E-B0AC-0E1A7E1A0002}.Debug|Any CPU.Build.0 = Debug|Any CPU
		{B1A11A01-0002-4A0E-B0AC-0E1A7E1A0002}.Debug|x64.ActiveCfg = Debug|Any CPU
		{B1A11A01-0002-4A0E-B0AC-0E1A7E1A0002}.Debug|x64.Build.0 = Debug|Any CPU
		{B1A11A01-0002-4A0E-B0AC-0E1A7E1A0002}.Debug|x86.ActiveCfg = Debug|Any CPU
		{B1A11A01-0002-4A0E-B0AC-0E1A7E1A0002}.Debug|x86.Build.0 = Debug|Any CPU
		{B1A11A01-0002-4A0E-B0AC-0E1A7E1A0002}.Release|Any CPU.ActiveCfg = Release|Any CPU
		{B1A11A01-0002-4A0E-B0AC-0E1A7E1A0002}.Release|Any CPU.Build.0 = Release|Any CPU
		{B1A11A01-0002-4A0E-B0AC-0E1A7E1A0002}.Release|x64.ActiveCfg = Release|Any CPU
		{B1A11A01-0002-4A0E-B0AC-0E1A7E1A0002}.Release|x64.Build.0 = Release|Any CPU
		{B1A11A01-0002-4A0E-B0AC-0E1A7E1A0002}.Release|x86.ActiveCfg = Release|Any CPU
		{B1A11A01-0002-4A0E-B0AC-0E1A7E1A0002}.Release|x86.Build.0 = Release|Any CPU
		{B1A11A01-0003-4A0E-B0AC-0E1A7E1A0003}.Debug|Any CPU.ActiveCfg = Debug|Any CPU
		{B1A11A01-0003-4A0E-B0AC-0E1A7E1A0003}.Debug|Any CPU.Build.0 = Debug|Any CPU
		{B1A11A01-0003-4A0E-B0AC-0E1A7E1A0003}.Debug|x64.ActiveCfg = Debug|Any CPU
		{B1A11A01-0003-4A0E-B0AC-0E1A7E1A0003}.Debug|x64.Build.0 = Debug|Any CPU
		{B1A11A01-0003-4A0E-B0AC-0E1A7E1A0003}.Debug|x86.ActiveCfg = Debug|Any CPU
		{B1A11A01-0003-4A0E-B0AC-0E1A7E1A0003}.Debug|x86.Build.0 = Debug|Any CPU
		{B1A11A01-0003-4A0E-B0AC-0E1A7E1A0003}.Release|Any CPU.ActiveCfg = Release|Any CPU
		{B1A11A01-0003-4A0E-B0AC-0E1A7E1A0003}.Release|Any CPU.Build.0 = Release|Any CPU
		{B1A11A01-0003-4A0E-B0AC-0E1A7E1A0003}.Release|x64.ActiveCfg = Release|Any CPU
		{B1A11A01-0003-4A0E-B0AC-0E1A7E1A0003}.Release|x64.Build.0 = Release|Any CPU
		{B1A11A01-0003-4A0E-B0AC-0E1A7E1A0003}.Release|x86.ActiveCfg = Release|Any CPU
		{B1A11A01-0003-4A0E-B0AC-0E1A7E1A0003}.Release|x86.Build.0 = Release|Any CPU
		{4C7B4EE6-E602-48FC-9B52-376520BB7C19}.Debug|Any CPU.ActiveCfg = Debug|Any CPU
		{4C7B4EE6-E602-48FC-9B52-376520BB7C19}.Debug|Any CPU.Build.0 = Debug|Any CPU
		{4C7B4EE6-E602-48FC-9B52-376520BB7C19}.Debug|x64.ActiveCfg = Debug|Any CPU
		{4C7B4EE6-E602-48FC-9B52-376520BB7C19}.Debug|x64.Build.0 = Debug|Any CPU
		{4C7B4EE6-E602-48FC-9B52-376520BB7C19}.Debug|x86.ActiveCfg = Debug|Any CPU
		{4C7B4EE6-E602-48FC-9B52-376520BB7C19}.Debug|x86.Build.0 = Debug|Any CPU
		{4C7B4EE6-E602-48FC-9B52-376520BB7C19}.Release|Any CPU.ActiveCfg = Release|Any CPU
		{4C7B4EE6-E602-48FC-9B52-376520BB7C19}.Release|Any CPU.Build.0 = Release|Any CPU
		{4C7B4EE6-E602-48FC-9B52-376520BB7C19}.Release|x64.ActiveCfg = Release|Any CPU
		{4C7B4EE6-E602-48FC-9B52-376520BB7C19}.Release|x64.Build.0 = Release|Any CPU
		{4C7B4EE6-E602-48FC-9B52-376520BB7C19}.Release|x86.ActiveCfg = Release|Any CPU
		{4C7B4EE6-E602-48FC-9B52-376520BB7C19}.Release|x86.Build.0 = Release|Any CPU
		{3B2DEF92-B31B-4BD9-B7F0-E0576A266439}.Debug|Any CPU.ActiveCfg = Debug|Any CPU
		{3B2DEF92-B31B-4BD9-B7F0-E0576A266439}.Debug|Any CPU.Build.0 = Debug|Any CPU
		{3B2DEF92-B31B-4BD9-B7F0-E0576A266439}.Debug|x64.ActiveCfg = Debug|Any CPU
		{3B2DEF92-B31B-4BD9-B7F0-E0576A266439}.Debug|x64.Build.0 = Debug|Any CPU
		{3B2DEF92-B31B-4BD9-B7F0-E0576A266439}.Debug|x86.ActiveCfg = Debug|Any CPU
		{3B2DEF92-B31B-4BD9-B7F0-E0576A266439}.Debug|x86.Build.0 = Debug|Any CPU
		{3B2DEF92-B31B-4BD9-B7F0-E0576A266439}.Release|Any CPU.ActiveCfg = Release|Any CPU
		{3B2DEF92-B31B-4BD9-B7F0-E0576A266439}.Release|Any CPU.Build.0 = Release|Any CPU
		{3B2DEF92-B31B-4BD9-B7F0-E0576A266439}.Release|x64.ActiveCfg = Release|Any CPU
		{3B2DEF92-B31B-4BD9-B7F0-E0576A266439}.Release|x64.Build.0 = Release|Any CPU
		{3B2DEF92-B31B-4BD9-B7F0-E0576A266439}.Release|x86.ActiveCfg = Release|Any CPU
		{3B2DEF92-B31B-4BD9-B7F0-E0576A266439}.Release|x86.Build.0 = Release|Any CPU
		{31E01B33-C3B3-47EE-BA22-1C8C680FEFC5}.Debug|Any CPU.ActiveCfg = Debug|Any CPU
		{31E01B33-C3B3-47EE-BA22-1C8C680FEFC5}.Debug|Any CPU.Build.0 = Debug|Any CPU
		{31E01B33-C3B3-47EE-BA22-1C8C680FEFC5}.Debug|x64.ActiveCfg = Debug|Any CPU
		{31E01B33-C3B3-47EE-BA22-1C8C680FEFC5}.Debug|x64.Build.0 = Debug|Any CPU
		{31E01B33-C3B3-47EE-BA22-1C8C680FEFC5}.Debug|x86.ActiveCfg = Debug|Any CPU
		{31E01B33-C3B3-47EE-BA22-1C8C680FEFC5}.Debug|x86.Build.0 = Debug|Any CPU
		{31E01B33-C3B3-47EE-BA22-1C8C680FEFC5}.Release|Any CPU.ActiveCfg = Release|Any CPU
		{31E01B33-C3B3-47EE-BA22-1C8C680FEFC5}.Release|Any CPU.Build.0 = Release|Any CPU
		{31E01B33-C3B3-47EE-BA22-1C8C680FEFC5}.Release|x64.ActiveCfg = Release|Any CPU
		{31E01B33-C3B3-47EE-BA22-1C8C680FEFC5}.Release|x64.Build.0 = Release|Any CPU
		{31E01B33-C3B3-47EE-BA22-1C8C680FEFC5}.Release|x86.ActiveCfg = Release|Any CPU
		{31E01B33-C3B3-47EE-BA22-1C8C680FEFC5}.Release|x86.Build.0 = Release|Any CPU
		{4E20CCE1-4584-48C7-AFF5-3A8C4B4E45DF}.Debug|Any CPU.ActiveCfg = Debug|Any CPU
		{4E20CCE1-4584-48C7-AFF5-3A8C4B4E45DF}.Debug|Any CPU.Build.0 = Debug|Any CPU
		{4E20CCE1-4584-48C7-AFF5-3A8C4B4E45DF}.Debug|x64.ActiveCfg = Debug|Any CPU
		{4E20CCE1-4584-48C7-AFF5-3A8C4B4E45DF}.Debug|x64.Build.0 = Debug|Any CPU
		{4E20CCE1-4584-48C7-AFF5-3A8C4B4E45DF}.Debug|x86.ActiveCfg = Debug|Any CPU
		{4E20CCE1-4584-48C7-AFF5-3A8C4B4E45DF}.Debug|x86.Build.0 = Debug|Any CPU
		{4E20CCE1-4584-48C7-AFF5-3A8C4B4E45DF}.Release|Any CPU.ActiveCfg = Release|Any CPU
		{4E20CCE1-4584-48C7-AFF5-3A8C4B4E45DF}.Release|Any CPU.Build.0 = Release|Any CPU
		{4E20CCE1-4584-48C7-AFF5-3A8C4B4E45DF}.Release|x64.ActiveCfg = Release|Any CPU
		{4E20CCE1-4584-48C7-AFF5-3A8C4B4E45DF}.Release|x64.Build.0 = Release|Any CPU
		{4E20CCE1-4584-48C7-AFF5-3A8C4B4E45DF}.Release|x86.ActiveCfg = Release|Any CPU
		{4E20CCE1-4584-48C7-AFF5-3A8C4B4E45DF}.Release|x86.Build.0 = Release|Any CPU
		{3E74DB4A-4DA3-4B55-9B3F-4DD93FFC9D5E}.Debug|Any CPU.ActiveCfg = Debug|Any CPU
		{3E74DB4A-4DA3-4B55-9B3F-4DD93FFC9D5E}.Debug|Any CPU.Build.0 = Debug|Any CPU
		{3E74DB4A-4DA3-4B55-9B3F-4DD93FFC9D5E}.Debug|x64.ActiveCfg = Debug|Any CPU
		{3E74DB4A-4DA3-4B55-9B3F-4DD93FFC9D5E}.Debug|x64.Build.0 = Debug|Any CPU
		{3E74DB4A-4DA3-4B55-9B3F-4DD93FFC9D5E}.Debug|x86.ActiveCfg = Debug|Any CPU
		{3E74DB4A-4DA3-4B55-9B3F-4DD93FFC9D5E}.Debug|x86.Build.0 = Debug|Any CPU
		{3E74DB4A-4DA3-4B55-9B3F-4DD93FFC9D5E}.Release|Any CPU.ActiveCfg = Release|Any CPU
		{3E74DB4A-4DA3-4B55-9B3F-4DD93FFC9D5E}.Release|Any CPU.Build.0 = Release|Any CPU
		{3E74DB4A-4DA3-4B55-9B3F-4DD93FFC9D5E}.Release|x64.ActiveCfg = Release|Any CPU
		{3E74DB4A-4DA3-4B55-9B3F-4DD93FFC9D5E}.Release|x64.Build.0 = Release|Any CPU
		{3E74DB4A-4DA3-4B55-9B3F-4DD93FFC9D5E}.Release|x86.ActiveCfg = Release|Any CPU
		{3E74DB4A-4DA3-4B55-9B3F-4DD93FFC9D5E}.Release|x86.Build.0 = Release|Any CPU
		{07C4F6BC-2246-471D-A860-42158AB91AEA}.Debug|Any CPU.ActiveCfg = Debug|Any CPU
		{07C4F6BC-2246-471D-A860-42158AB91AEA}.Debug|Any CPU.Build.0 = Debug|Any CPU
		{07C4F6BC-2246-471D-A860-42158AB91AEA}.Debug|x64.ActiveCfg = Debug|Any CPU
		{07C4F6BC-2246-471D-A860-42158AB91AEA}.Debug|x64.Build.0 = Debug|Any CPU
		{07C4F6BC-2246-471D-A860-42158AB91AEA}.Debug|x86.ActiveCfg = Debug|Any CPU
		{07C4F6BC-2246-471D-A860-42158AB91AEA}.Debug|x86.Build.0 = Debug|Any CPU
		{07C4F6BC-2246-471D-A860-42158AB91AEA}.Release|Any CPU.ActiveCfg = Release|Any CPU
		{07C4F6BC-2246-471D-A860-42158AB91AEA}.Release|Any CPU.Build.0 = Release|Any CPU
		{07C4F6BC-2246-471D-A860-42158AB91AEA}.Release|x64.ActiveCfg = Release|Any CPU
		{07C4F6BC-2246-471D-A860-42158AB91AEA}.Release|x64.Build.0 = Release|Any CPU
		{07C4F6BC-2246-471D-A860-42158AB91AEA}.Release|x86.ActiveCfg = Release|Any CPU
		{07C4F6BC-2246-471D-A860-42158AB91AEA}.Release|x86.Build.0 = Release|Any CPU
		{C7D995A0-F7BD-4315-A797-D645CB383D31}.Debug|Any CPU.ActiveCfg = Debug|Any CPU
		{C7D995A0-F7BD-4315-A797-D645CB383D31}.Debug|Any CPU.Build.0 = Debug|Any CPU
		{C7D995A0-F7BD-4315-A797-D645CB383D31}.Debug|x64.ActiveCfg = Debug|Any CPU
		{C7D995A0-F7BD-4315-A797-D645CB383D31}.Debug|x64.Build.0 = Debug|Any CPU
		{C7D995A0-F7BD-4315-A797-D645CB383D31}.Debug|x86.ActiveCfg = Debug|Any CPU
		{C7D995A0-F7BD-4315-A797-D645CB383D31}.Debug|x86.Build.0 = Debug|Any CPU
		{C7D995A0-F7BD-4315-A797-D645CB383D31}.Release|Any CPU.ActiveCfg = Release|Any CPU
		{C7D995A0-F7BD-4315-A797-D645CB383D31}.Release|Any CPU.Build.0 = Release|Any CPU
		{C7D995A0-F7BD-4315-A797-D645CB383D31}.Release|x64.ActiveCfg = Release|Any CPU
		{C7D995A0-F7BD-4315-A797-D645CB383D31}.Release|x64.Build.0 = Release|Any CPU
		{C7D995A0-F7BD-4315-A797-D645CB383D31}.Release|x86.ActiveCfg = Release|Any CPU
		{C7D995A0-F7BD-4315-A797-D645CB383D31}.Release|x86.Build.0 = Release|Any CPU
		{CDE2E9E7-C487-4408-A715-9340A358E481}.Debug|Any CPU.ActiveCfg = Debug|Any CPU
		{CDE2E9E7-C487-4408-A715-9340A358E481}.Debug|Any CPU.Build.0 = Debug|Any CPU
		{CDE2E9E7-C487-4408-A715-9340A358E481}.Debug|x64.ActiveCfg = Debug|Any CPU
		{CDE2E9E7-C487-4408-A715-9340A358E481}.Debug|x64.Build.0 = Debug|Any CPU
		{CDE2E9E7-C487-4408-A715-9340A358E481}.Debug|x86.ActiveCfg = Debug|Any CPU
		{CDE2E9E7-C487-4408-A715-9340A358E481}.Debug|x86.Build.0 = Debug|Any CPU
		{CDE2E9E7-C487-4408-A715-9340A358E481}.Release|Any CPU.ActiveCfg = Release|Any CPU
		{CDE2E9E7-C487-4408-A715-9340A358E481}.Release|Any CPU.Build.0 = Release|Any CPU
		{CDE2E9E7-C487-4408-A715-9340A358E481}.Release|x64.ActiveCfg = Release|Any CPU
		{CDE2E9E7-C487-4408-A715-9340A358E481}.Release|x64.Build.0 = Release|Any CPU
		{CDE2E9E7-C487-4408-A715-9340A358E481}.Release|x86.ActiveCfg = Release|Any CPU
		{CDE2E9E7-C487-4408-A715-9340A358E481}.Release|x86.Build.0 = Release|Any CPU
		{9BD654BF-BC29-4A87-B593-2BB50818F9CC}.Debug|Any CPU.ActiveCfg = Debug|Any CPU
		{9BD654BF-BC29-4A87-B593-2BB50818F9CC}.Debug|Any CPU.Build.0 = Debug|Any CPU
		{9BD654BF-BC29-4A87-B593-2BB50818F9CC}.Debug|x64.ActiveCfg = Debug|Any CPU
		{9BD654BF-BC29-4A87-B593-2BB50818F9CC}.Debug|x64.Build.0 = Debug|Any CPU
		{9BD654BF-BC29-4A87-B593-2BB50818F9CC}.Debug|x86.ActiveCfg = Debug|Any CPU
		{9BD654BF-BC29-4A87-B593-2BB50818F9CC}.Debug|x86.Build.0 = Debug|Any CPU
		{9BD654BF-BC29-4A87-B593-2BB50818F9CC}.Release|Any CPU.ActiveCfg = Release|Any CPU
		{9BD654BF-BC29-4A87-B593-2BB50818F9CC}.Release|Any CPU.Build.0 = Release|Any CPU
		{9BD654BF-BC29-4A87-B593-2BB50818F9CC}.Release|x64.ActiveCfg = Release|Any CPU
		{9BD654BF-BC29-4A87-B593-2BB50818F9CC}.Release|x64.Build.0 = Release|Any CPU
		{9BD654BF-BC29-4A87-B593-2BB50818F9CC}.Release|x86.ActiveCfg = Release|Any CPU
		{9BD654BF-BC29-4A87-B593-2BB50818F9CC}.Release|x86.Build.0 = Release|Any CPU
		{5079098D-89A6-4D2D-86BE-36FC48A01450}.Debug|Any CPU.ActiveCfg = Debug|Any CPU
		{5079098D-89A6-4D2D-86BE-36FC48A01450}.Debug|Any CPU.Build.0 = Debug|Any CPU
		{5079098D-89A6-4D2D-86BE-36FC48A01450}.Debug|x64.ActiveCfg = Debug|Any CPU
		{5079098D-89A6-4D2D-86BE-36FC48A01450}.Debug|x64.Build.0 = Debug|Any CPU
		{5079098D-89A6-4D2D-86BE-36FC48A01450}.Debug|x86.ActiveCfg = Debug|Any CPU
		{5079098D-89A6-4D2D-86BE-36FC48A01450}.Debug|x86.Build.0 = Debug|Any CPU
		{5079098D-89A6-4D2D-86BE-36FC48A01450}.Release|Any CPU.ActiveCfg = Release|Any CPU
		{5079098D-89A6-4D2D-86BE-36FC48A01450}.Release|Any CPU.Build.0 = Release|Any CPU
		{5079098D-89A6-4D2D-86BE-36FC48A01450}.Release|x64.ActiveCfg = Release|Any CPU
		{5079098D-89A6-4D2D-86BE-36FC48A01450}.Release|x64.Build.0 = Release|Any CPU
		{5079098D-89A6-4D2D-86BE-36FC48A01450}.Release|x86.ActiveCfg = Release|Any CPU
		{5079098D-89A6-4D2D-86BE-36FC48A01450}.Release|x86.Build.0 = Release|Any CPU
		{3B256FF8-27F9-4403-BC47-356606B1FACA}.Debug|Any CPU.ActiveCfg = Debug|Any CPU
		{3B256FF8-27F9-4403-BC47-356606B1FACA}.Debug|Any CPU.Build.0 = Debug|Any CPU
		{3B256FF8-27F9-4403-BC47-356606B1FACA}.Debug|x64.ActiveCfg = Debug|Any CPU
		{3B256FF8-27F9-4403-BC47-356606B1FACA}.Debug|x64.Build.0 = Debug|Any CPU
		{3B256FF8-27F9-4403-BC47-356606B1FACA}.Debug|x86.ActiveCfg = Debug|Any CPU
		{3B256FF8-27F9-4403-BC47-356606B1FACA}.Debug|x86.Build.0 = Debug|Any CPU
		{3B256FF8-27F9-4403-BC47-356606B1FACA}.Release|Any CPU.ActiveCfg = Release|Any CPU
		{3B256FF8-27F9-4403-BC47-356606B1FACA}.Release|Any CPU.Build.0 = Release|Any CPU
		{3B256FF8-27F9-4403-BC47-356606B1FACA}.Release|x64.ActiveCfg = Release|Any CPU
		{3B256FF8-27F9-4403-BC47-356606B1FACA}.Release|x64.Build.0 = Release|Any CPU
		{3B256FF8-27F9-4403-BC47-356606B1FACA}.Release|x86.ActiveCfg = Release|Any CPU
		{3B256FF8-27F9-4403-BC47-356606B1FACA}.Release|x86.Build.0 = Release|Any CPU
		{91C8A3F0-2001-4E80-B511-7C0123456789}.Debug|Any CPU.ActiveCfg = Debug|Any CPU
		{91C8A3F0-2001-4E80-B511-7C0123456789}.Debug|Any CPU.Build.0 = Debug|Any CPU
		{91C8A3F0-2001-4E80-B511-7C0123456789}.Debug|x64.ActiveCfg = Debug|Any CPU
		{91C8A3F0-2001-4E80-B511-7C0123456789}.Debug|x64.Build.0 = Debug|Any CPU
		{91C8A3F0-2001-4E80-B511-7C0123456789}.Debug|x86.ActiveCfg = Debug|Any CPU
		{91C8A3F0-2001-4E80-B511-7C0123456789}.Debug|x86.Build.0 = Debug|Any CPU
		{91C8A3F0-2001-4E80-B511-7C0123456789}.Release|Any CPU.ActiveCfg = Release|Any CPU
		{91C8A3F0-2001-4E80-B511-7C0123456789}.Release|Any CPU.Build.0 = Release|Any CPU
		{91C8A3F0-2001-4E80-B511-7C0123456789}.Release|x64.ActiveCfg = Release|Any CPU
		{91C8A3F0-2001-4E80-B511-7C0123456789}.Release|x64.Build.0 = Release|Any CPU
		{91C8A3F0-2001-4E80-B511-7C0123456789}.Release|x86.ActiveCfg = Release|Any CPU
		{91C8A3F0-2001-4E80-B511-7C0123456789}.Release|x86.Build.0 = Release|Any CPU
		{91C8A3F0-2002-4E80-B511-7C0123456789}.Debug|Any CPU.ActiveCfg = Debug|Any CPU
		{91C8A3F0-2002-4E80-B511-7C0123456789}.Debug|Any CPU.Build.0 = Debug|Any CPU
		{91C8A3F0-2002-4E80-B511-7C0123456789}.Debug|x64.ActiveCfg = Debug|Any CPU
		{91C8A3F0-2002-4E80-B511-7C0123456789}.Debug|x64.Build.0 = Debug|Any CPU
		{91C8A3F0-2002-4E80-B511-7C0123456789}.Debug|x86.ActiveCfg = Debug|Any CPU
		{91C8A3F0-2002-4E80-B511-7C0123456789}.Debug|x86.Build.0 = Debug|Any CPU
		{91C8A3F0-2002-4E80-B511-7C0123456789}.Release|Any CPU.ActiveCfg = Release|Any CPU
		{91C8A3F0-2002-4E80-B511-7C0123456789}.Release|Any CPU.Build.0 = Release|Any CPU
		{91C8A3F0-2002-4E80-B511-7C0123456789}.Release|x64.ActiveCfg = Release|Any CPU
		{91C8A3F0-2002-4E80-B511-7C0123456789}.Release|x64.Build.0 = Release|Any CPU
		{91C8A3F0-2002-4E80-B511-7C0123456789}.Release|x86.ActiveCfg = Release|Any CPU
		{91C8A3F0-2002-4E80-B511-7C0123456789}.Release|x86.Build.0 = Release|Any CPU
		{91C8A3F0-2003-4E80-B511-7C0123456789}.Debug|Any CPU.ActiveCfg = Debug|Any CPU
		{91C8A3F0-2003-4E80-B511-7C0123456789}.Debug|Any CPU.Build.0 = Debug|Any CPU
		{91C8A3F0-2003-4E80-B511-7C0123456789}.Debug|x64.ActiveCfg = Debug|Any CPU
		{91C8A3F0-2003-4E80-B511-7C0123456789}.Debug|x64.Build.0 = Debug|Any CPU
		{91C8A3F0-2003-4E80-B511-7C0123456789}.Debug|x86.ActiveCfg = Debug|Any CPU
		{91C8A3F0-2003-4E80-B511-7C0123456789}.Debug|x86.Build.0 = Debug|Any CPU
		{91C8A3F0-2003-4E80-B511-7C0123456789}.Release|Any CPU.ActiveCfg = Release|Any CPU
		{91C8A3F0-2003-4E80-B511-7C0123456789}.Release|Any CPU.Build.0 = Release|Any CPU
		{91C8A3F0-2003-4E80-B511-7C0123456789}.Release|x64.ActiveCfg = Release|Any CPU
		{91C8A3F0-2003-4E80-B511-7C0123456789}.Release|x64.Build.0 = Release|Any CPU
		{91C8A3F0-2003-4E80-B511-7C0123456789}.Release|x86.ActiveCfg = Release|Any CPU
		{91C8A3F0-2003-4E80-B511-7C0123456789}.Release|x86.Build.0 = Release|Any CPU
		{91C8A3F0-2004-4E80-B511-7C0123456789}.Debug|Any CPU.ActiveCfg = Debug|Any CPU
		{91C8A3F0-2004-4E80-B511-7C0123456789}.Debug|Any CPU.Build.0 = Debug|Any CPU
		{91C8A3F0-2004-4E80-B511-7C0123456789}.Debug|x64.ActiveCfg = Debug|Any CPU
		{91C8A3F0-2004-4E80-B511-7C0123456789}.Debug|x64.Build.0 = Debug|Any CPU
		{91C8A3F0-2004-4E80-B511-7C0123456789}.Debug|x86.ActiveCfg = Debug|Any CPU
		{91C8A3F0-2004-4E80-B511-7C0123456789}.Debug|x86.Build.0 = Debug|Any CPU
		{91C8A3F0-2004-4E80-B511-7C0123456789}.Release|Any CPU.ActiveCfg = Release|Any CPU
		{91C8A3F0-2004-4E80-B511-7C0123456789}.Release|Any CPU.Build.0 = Release|Any CPU
		{91C8A3F0-2004-4E80-B511-7C0123456789}.Release|x64.ActiveCfg = Release|Any CPU
		{91C8A3F0-2004-4E80-B511-7C0123456789}.Release|x64.Build.0 = Release|Any CPU
		{91C8A3F0-2004-4E80-B511-7C0123456789}.Release|x86.ActiveCfg = Release|Any CPU
		{91C8A3F0-2004-4E80-B511-7C0123456789}.Release|x86.Build.0 = Release|Any CPU
		{91C8A3F0-3001-4E80-B511-7C0123456789}.Debug|Any CPU.ActiveCfg = Debug|Any CPU
		{91C8A3F0-3001-4E80-B511-7C0123456789}.Debug|Any CPU.Build.0 = Debug|Any CPU
		{91C8A3F0-3001-4E80-B511-7C0123456789}.Debug|x64.ActiveCfg = Debug|Any CPU
		{91C8A3F0-3001-4E80-B511-7C0123456789}.Debug|x64.Build.0 = Debug|Any CPU
		{91C8A3F0-3001-4E80-B511-7C0123456789}.Debug|x86.ActiveCfg = Debug|Any CPU
		{91C8A3F0-3001-4E80-B511-7C0123456789}.Debug|x86.Build.0 = Debug|Any CPU
		{91C8A3F0-3001-4E80-B511-7C0123456789}.Release|Any CPU.ActiveCfg = Release|Any CPU
		{91C8A3F0-3001-4E80-B511-7C0123456789}.Release|Any CPU.Build.0 = Release|Any CPU
		{91C8A3F0-3001-4E80-B511-7C0123456789}.Release|x64.ActiveCfg = Release|Any CPU
		{91C8A3F0-3001-4E80-B511-7C0123456789}.Release|x64.Build.0 = Release|Any CPU
		{91C8A3F0-3001-4E80-B511-7C0123456789}.Release|x86.ActiveCfg = Release|Any CPU
		{91C8A3F0-3001-4E80-B511-7C0123456789}.Release|x86.Build.0 = Release|Any CPU
		{91C8A3F0-4001-4E80-B511-7C0123456789}.Debug|Any CPU.ActiveCfg = Debug|Any CPU
		{91C8A3F0-4001-4E80-B511-7C0123456789}.Debug|Any CPU.Build.0 = Debug|Any CPU
		{91C8A3F0-4001-4E80-B511-7C0123456789}.Debug|x64.ActiveCfg = Debug|Any CPU
		{91C8A3F0-4001-4E80-B511-7C0123456789}.Debug|x64.Build.0 = Debug|Any CPU
		{91C8A3F0-4001-4E80-B511-7C0123456789}.Debug|x86.ActiveCfg = Debug|Any CPU
		{91C8A3F0-4001-4E80-B511-7C0123456789}.Debug|x86.Build.0 = Debug|Any CPU
		{91C8A3F0-4001-4E80-B511-7C0123456789}.Release|Any CPU.ActiveCfg = Release|Any CPU
		{91C8A3F0-4001-4E80-B511-7C0123456789}.Release|Any CPU.Build.0 = Release|Any CPU
		{91C8A3F0-4001-4E80-B511-7C0123456789}.Release|x64.ActiveCfg = Release|Any CPU
		{91C8A3F0-4001-4E80-B511-7C0123456789}.Release|x64.Build.0 = Release|Any CPU
		{91C8A3F0-4001-4E80-B511-7C0123456789}.Release|x86.ActiveCfg = Release|Any CPU
		{91C8A3F0-4001-4E80-B511-7C0123456789}.Release|x86.Build.0 = Release|Any CPU
		{A2D4B5F0-2001-4E80-B511-7C0987654321}.Debug|Any CPU.ActiveCfg = Debug|Any CPU
		{A2D4B5F0-2001-4E80-B511-7C0987654321}.Debug|Any CPU.Build.0 = Debug|Any CPU
		{A2D4B5F0-2001-4E80-B511-7C0987654321}.Debug|x64.ActiveCfg = Debug|Any CPU
		{A2D4B5F0-2001-4E80-B511-7C0987654321}.Debug|x64.Build.0 = Debug|Any CPU
		{A2D4B5F0-2001-4E80-B511-7C0987654321}.Debug|x86.ActiveCfg = Debug|Any CPU
		{A2D4B5F0-2001-4E80-B511-7C0987654321}.Debug|x86.Build.0 = Debug|Any CPU
		{A2D4B5F0-2001-4E80-B511-7C0987654321}.Release|Any CPU.ActiveCfg = Release|Any CPU
		{A2D4B5F0-2001-4E80-B511-7C0987654321}.Release|Any CPU.Build.0 = Release|Any CPU
		{A2D4B5F0-2001-4E80-B511-7C0987654321}.Release|x64.ActiveCfg = Release|Any CPU
		{A2D4B5F0-2001-4E80-B511-7C0987654321}.Release|x64.Build.0 = Release|Any CPU
		{A2D4B5F0-2001-4E80-B511-7C0987654321}.Release|x86.ActiveCfg = Release|Any CPU
		{A2D4B5F0-2001-4E80-B511-7C0987654321}.Release|x86.Build.0 = Release|Any CPU
		{A2D4B5F0-2002-4E80-B511-7C0987654321}.Debug|Any CPU.ActiveCfg = Debug|Any CPU
		{A2D4B5F0-2002-4E80-B511-7C0987654321}.Debug|Any CPU.Build.0 = Debug|Any CPU
		{A2D4B5F0-2002-4E80-B511-7C0987654321}.Debug|x64.ActiveCfg = Debug|Any CPU
		{A2D4B5F0-2002-4E80-B511-7C0987654321}.Debug|x64.Build.0 = Debug|Any CPU
		{A2D4B5F0-2002-4E80-B511-7C0987654321}.Debug|x86.ActiveCfg = Debug|Any CPU
		{A2D4B5F0-2002-4E80-B511-7C0987654321}.Debug|x86.Build.0 = Debug|Any CPU
		{A2D4B5F0-2002-4E80-B511-7C0987654321}.Release|Any CPU.ActiveCfg = Release|Any CPU
		{A2D4B5F0-2002-4E80-B511-7C0987654321}.Release|Any CPU.Build.0 = Release|Any CPU
		{A2D4B5F0-2002-4E80-B511-7C0987654321}.Release|x64.ActiveCfg = Release|Any CPU
		{A2D4B5F0-2002-4E80-B511-7C0987654321}.Release|x64.Build.0 = Release|Any CPU
		{A2D4B5F0-2002-4E80-B511-7C0987654321}.Release|x86.ActiveCfg = Release|Any CPU
		{A2D4B5F0-2002-4E80-B511-7C0987654321}.Release|x86.Build.0 = Release|Any CPU
		{A2D4B5F0-2003-4E80-B511-7C0987654321}.Debug|Any CPU.ActiveCfg = Debug|Any CPU
		{A2D4B5F0-2003-4E80-B511-7C0987654321}.Debug|Any CPU.Build.0 = Debug|Any CPU
		{A2D4B5F0-2003-4E80-B511-7C0987654321}.Debug|x64.ActiveCfg = Debug|Any CPU
		{A2D4B5F0-2003-4E80-B511-7C0987654321}.Debug|x64.Build.0 = Debug|Any CPU
		{A2D4B5F0-2003-4E80-B511-7C0987654321}.Debug|x86.ActiveCfg = Debug|Any CPU
		{A2D4B5F0-2003-4E80-B511-7C0987654321}.Debug|x86.Build.0 = Debug|Any CPU
		{A2D4B5F0-2003-4E80-B511-7C0987654321}.Release|Any CPU.ActiveCfg = Release|Any CPU
		{A2D4B5F0-2003-4E80-B511-7C0987654321}.Release|Any CPU.Build.0 = Release|Any CPU
		{A2D4B5F0-2003-4E80-B511-7C0987654321}.Release|x64.ActiveCfg = Release|Any CPU
		{A2D4B5F0-2003-4E80-B511-7C0987654321}.Release|x64.Build.0 = Release|Any CPU
		{A2D4B5F0-2003-4E80-B511-7C0987654321}.Release|x86.ActiveCfg = Release|Any CPU
		{A2D4B5F0-2003-4E80-B511-7C0987654321}.Release|x86.Build.0 = Release|Any CPU
		{A2D4B5F0-2004-4E80-B511-7C0987654321}.Debug|Any CPU.ActiveCfg = Debug|Any CPU
		{A2D4B5F0-2004-4E80-B511-7C0987654321}.Debug|Any CPU.Build.0 = Debug|Any CPU
		{A2D4B5F0-2004-4E80-B511-7C0987654321}.Debug|x64.ActiveCfg = Debug|Any CPU
		{A2D4B5F0-2004-4E80-B511-7C0987654321}.Debug|x64.Build.0 = Debug|Any CPU
		{A2D4B5F0-2004-4E80-B511-7C0987654321}.Debug|x86.ActiveCfg = Debug|Any CPU
		{A2D4B5F0-2004-4E80-B511-7C0987654321}.Debug|x86.Build.0 = Debug|Any CPU
		{A2D4B5F0-2004-4E80-B511-7C0987654321}.Release|Any CPU.ActiveCfg = Release|Any CPU
		{A2D4B5F0-2004-4E80-B511-7C0987654321}.Release|Any CPU.Build.0 = Release|Any CPU
		{A2D4B5F0-2004-4E80-B511-7C0987654321}.Release|x64.ActiveCfg = Release|Any CPU
		{A2D4B5F0-2004-4E80-B511-7C0987654321}.Release|x64.Build.0 = Release|Any CPU
		{A2D4B5F0-2004-4E80-B511-7C0987654321}.Release|x86.ActiveCfg = Release|Any CPU
		{A2D4B5F0-2004-4E80-B511-7C0987654321}.Release|x86.Build.0 = Release|Any CPU
		{D5C7E1A0-2001-4E80-B511-7C0ABC123456}.Debug|Any CPU.ActiveCfg = Debug|Any CPU
		{D5C7E1A0-2001-4E80-B511-7C0ABC123456}.Debug|Any CPU.Build.0 = Debug|Any CPU
		{D5C7E1A0-2001-4E80-B511-7C0ABC123456}.Debug|x64.ActiveCfg = Debug|Any CPU
		{D5C7E1A0-2001-4E80-B511-7C0ABC123456}.Debug|x64.Build.0 = Debug|Any CPU
		{D5C7E1A0-2001-4E80-B511-7C0ABC123456}.Debug|x86.ActiveCfg = Debug|Any CPU
		{D5C7E1A0-2001-4E80-B511-7C0ABC123456}.Debug|x86.Build.0 = Debug|Any CPU
		{D5C7E1A0-2001-4E80-B511-7C0ABC123456}.Release|Any CPU.ActiveCfg = Release|Any CPU
		{D5C7E1A0-2001-4E80-B511-7C0ABC123456}.Release|Any CPU.Build.0 = Release|Any CPU
		{D5C7E1A0-2001-4E80-B511-7C0ABC123456}.Release|x64.ActiveCfg = Release|Any CPU
		{D5C7E1A0-2001-4E80-B511-7C0ABC123456}.Release|x64.Build.0 = Release|Any CPU
		{D5C7E1A0-2001-4E80-B511-7C0ABC123456}.Release|x86.ActiveCfg = Release|Any CPU
		{D5C7E1A0-2001-4E80-B511-7C0ABC123456}.Release|x86.Build.0 = Release|Any CPU
		{D5C7E1A0-2002-4E80-B511-7C0ABC123456}.Debug|Any CPU.ActiveCfg = Debug|Any CPU
		{D5C7E1A0-2002-4E80-B511-7C0ABC123456}.Debug|Any CPU.Build.0 = Debug|Any CPU
		{D5C7E1A0-2002-4E80-B511-7C0ABC123456}.Debug|x64.ActiveCfg = Debug|Any CPU
		{D5C7E1A0-2002-4E80-B511-7C0ABC123456}.Debug|x64.Build.0 = Debug|Any CPU
		{D5C7E1A0-2002-4E80-B511-7C0ABC123456}.Debug|x86.ActiveCfg = Debug|Any CPU
		{D5C7E1A0-2002-4E80-B511-7C0ABC123456}.Debug|x86.Build.0 = Debug|Any CPU
		{D5C7E1A0-2002-4E80-B511-7C0ABC123456}.Release|Any CPU.ActiveCfg = Release|Any CPU
		{D5C7E1A0-2002-4E80-B511-7C0ABC123456}.Release|Any CPU.Build.0 = Release|Any CPU
		{D5C7E1A0-2002-4E80-B511-7C0ABC123456}.Release|x64.ActiveCfg = Release|Any CPU
		{D5C7E1A0-2002-4E80-B511-7C0ABC123456}.Release|x64.Build.0 = Release|Any CPU
		{D5C7E1A0-2002-4E80-B511-7C0ABC123456}.Release|x86.ActiveCfg = Release|Any CPU
		{D5C7E1A0-2002-4E80-B511-7C0ABC123456}.Release|x86.Build.0 = Release|Any CPU
		{D5C7E1A0-2003-4E80-B511-7C0ABC123456}.Debug|Any CPU.ActiveCfg = Debug|Any CPU
		{D5C7E1A0-2003-4E80-B511-7C0ABC123456}.Debug|Any CPU.Build.0 = Debug|Any CPU
		{D5C7E1A0-2003-4E80-B511-7C0ABC123456}.Debug|x64.ActiveCfg = Debug|Any CPU
		{D5C7E1A0-2003-4E80-B511-7C0ABC123456}.Debug|x64.Build.0 = Debug|Any CPU
		{D5C7E1A0-2003-4E80-B511-7C0ABC123456}.Debug|x86.ActiveCfg = Debug|Any CPU
		{D5C7E1A0-2003-4E80-B511-7C0ABC123456}.Debug|x86.Build.0 = Debug|Any CPU
		{D5C7E1A0-2003-4E80-B511-7C0ABC123456}.Release|Any CPU.ActiveCfg = Release|Any CPU
		{D5C7E1A0-2003-4E80-B511-7C0ABC123456}.Release|Any CPU.Build.0 = Release|Any CPU
		{D5C7E1A0-2003-4E80-B511-7C0ABC123456}.Release|x64.ActiveCfg = Release|Any CPU
		{D5C7E1A0-2003-4E80-B511-7C0ABC123456}.Release|x64.Build.0 = Release|Any CPU
		{D5C7E1A0-2003-4E80-B511-7C0ABC123456}.Release|x86.ActiveCfg = Release|Any CPU
		{D5C7E1A0-2003-4E80-B511-7C0ABC123456}.Release|x86.Build.0 = Release|Any CPU
		{D5C7E1A0-2004-4E80-B511-7C0ABC123456}.Debug|Any CPU.ActiveCfg = Debug|Any CPU
		{D5C7E1A0-2004-4E80-B511-7C0ABC123456}.Debug|Any CPU.Build.0 = Debug|Any CPU
		{D5C7E1A0-2004-4E80-B511-7C0ABC123456}.Debug|x64.ActiveCfg = Debug|Any CPU
		{D5C7E1A0-2004-4E80-B511-7C0ABC123456}.Debug|x64.Build.0 = Debug|Any CPU
		{D5C7E1A0-2004-4E80-B511-7C0ABC123456}.Debug|x86.ActiveCfg = Debug|Any CPU
		{D5C7E1A0-2004-4E80-B511-7C0ABC123456}.Debug|x86.Build.0 = Debug|Any CPU
		{D5C7E1A0-2004-4E80-B511-7C0ABC123456}.Release|Any CPU.ActiveCfg = Release|Any CPU
		{D5C7E1A0-2004-4E80-B511-7C0ABC123456}.Release|Any CPU.Build.0 = Release|Any CPU
		{D5C7E1A0-2004-4E80-B511-7C0ABC123456}.Release|x64.ActiveCfg = Release|Any CPU
		{D5C7E1A0-2004-4E80-B511-7C0ABC123456}.Release|x64.Build.0 = Release|Any CPU
		{D5C7E1A0-2004-4E80-B511-7C0ABC123456}.Release|x86.ActiveCfg = Release|Any CPU
		{D5C7E1A0-2004-4E80-B511-7C0ABC123456}.Release|x86.Build.0 = Release|Any CPU
		{D5C7E1A0-3001-4E80-B511-7C0ABC123456}.Debug|Any CPU.ActiveCfg = Debug|Any CPU
		{D5C7E1A0-3001-4E80-B511-7C0ABC123456}.Debug|Any CPU.Build.0 = Debug|Any CPU
		{D5C7E1A0-3001-4E80-B511-7C0ABC123456}.Debug|x64.ActiveCfg = Debug|Any CPU
		{D5C7E1A0-3001-4E80-B511-7C0ABC123456}.Debug|x64.Build.0 = Debug|Any CPU
		{D5C7E1A0-3001-4E80-B511-7C0ABC123456}.Debug|x86.ActiveCfg = Debug|Any CPU
		{D5C7E1A0-3001-4E80-B511-7C0ABC123456}.Debug|x86.Build.0 = Debug|Any CPU
		{D5C7E1A0-3001-4E80-B511-7C0ABC123456}.Release|Any CPU.ActiveCfg = Release|Any CPU
		{D5C7E1A0-3001-4E80-B511-7C0ABC123456}.Release|Any CPU.Build.0 = Release|Any CPU
		{D5C7E1A0-3001-4E80-B511-7C0ABC123456}.Release|x64.ActiveCfg = Release|Any CPU
		{D5C7E1A0-3001-4E80-B511-7C0ABC123456}.Release|x64.Build.0 = Release|Any CPU
		{D5C7E1A0-3001-4E80-B511-7C0ABC123456}.Release|x86.ActiveCfg = Release|Any CPU
		{D5C7E1A0-3001-4E80-B511-7C0ABC123456}.Release|x86.Build.0 = Release|Any CPU
		{D5C7E1A0-3002-4E80-B511-7C0ABC123456}.Debug|Any CPU.ActiveCfg = Debug|Any CPU
		{D5C7E1A0-3002-4E80-B511-7C0ABC123456}.Debug|Any CPU.Build.0 = Debug|Any CPU
		{D5C7E1A0-3002-4E80-B511-7C0ABC123456}.Debug|x64.ActiveCfg = Debug|Any CPU
		{D5C7E1A0-3002-4E80-B511-7C0ABC123456}.Debug|x64.Build.0 = Debug|Any CPU
		{D5C7E1A0-3002-4E80-B511-7C0ABC123456}.Debug|x86.ActiveCfg = Debug|Any CPU
		{D5C7E1A0-3002-4E80-B511-7C0ABC123456}.Debug|x86.Build.0 = Debug|Any CPU
		{D5C7E1A0-3002-4E80-B511-7C0ABC123456}.Release|Any CPU.ActiveCfg = Release|Any CPU
		{D5C7E1A0-3002-4E80-B511-7C0ABC123456}.Release|Any CPU.Build.0 = Release|Any CPU
		{D5C7E1A0-3002-4E80-B511-7C0ABC123456}.Release|x64.ActiveCfg = Release|Any CPU
		{D5C7E1A0-3002-4E80-B511-7C0ABC123456}.Release|x64.Build.0 = Release|Any CPU
		{D5C7E1A0-3002-4E80-B511-7C0ABC123456}.Release|x86.ActiveCfg = Release|Any CPU
		{D5C7E1A0-3002-4E80-B511-7C0ABC123456}.Release|x86.Build.0 = Release|Any CPU
		{D5C7E1A0-3003-4E80-B511-7C0ABC123456}.Debug|Any CPU.ActiveCfg = Debug|Any CPU
		{D5C7E1A0-3003-4E80-B511-7C0ABC123456}.Debug|Any CPU.Build.0 = Debug|Any CPU
		{D5C7E1A0-3003-4E80-B511-7C0ABC123456}.Debug|x64.ActiveCfg = Debug|Any CPU
		{D5C7E1A0-3003-4E80-B511-7C0ABC123456}.Debug|x64.Build.0 = Debug|Any CPU
		{D5C7E1A0-3003-4E80-B511-7C0ABC123456}.Debug|x86.ActiveCfg = Debug|Any CPU
		{D5C7E1A0-3003-4E80-B511-7C0ABC123456}.Debug|x86.Build.0 = Debug|Any CPU
		{D5C7E1A0-3003-4E80-B511-7C0ABC123456}.Release|Any CPU.ActiveCfg = Release|Any CPU
		{D5C7E1A0-3003-4E80-B511-7C0ABC123456}.Release|Any CPU.Build.0 = Release|Any CPU
		{D5C7E1A0-3003-4E80-B511-7C0ABC123456}.Release|x64.ActiveCfg = Release|Any CPU
		{D5C7E1A0-3003-4E80-B511-7C0ABC123456}.Release|x64.Build.0 = Release|Any CPU
		{D5C7E1A0-3003-4E80-B511-7C0ABC123456}.Release|x86.ActiveCfg = Release|Any CPU
		{D5C7E1A0-3003-4E80-B511-7C0ABC123456}.Release|x86.Build.0 = Release|Any CPU
		{D5C7E1A0-3004-4E80-B511-7C0ABC123456}.Debug|Any CPU.ActiveCfg = Debug|Any CPU
		{D5C7E1A0-3004-4E80-B511-7C0ABC123456}.Debug|Any CPU.Build.0 = Debug|Any CPU
		{D5C7E1A0-3004-4E80-B511-7C0ABC123456}.Debug|x64.ActiveCfg = Debug|Any CPU
		{D5C7E1A0-3004-4E80-B511-7C0ABC123456}.Debug|x64.Build.0 = Debug|Any CPU
		{D5C7E1A0-3004-4E80-B511-7C0ABC123456}.Debug|x86.ActiveCfg = Debug|Any CPU
		{D5C7E1A0-3004-4E80-B511-7C0ABC123456}.Debug|x86.Build.0 = Debug|Any CPU
		{D5C7E1A0-3004-4E80-B511-7C0ABC123456}.Release|Any CPU.ActiveCfg = Release|Any CPU
		{D5C7E1A0-3004-4E80-B511-7C0ABC123456}.Release|Any CPU.Build.0 = Release|Any CPU
		{D5C7E1A0-3004-4E80-B511-7C0ABC123456}.Release|x64.ActiveCfg = Release|Any CPU
		{D5C7E1A0-3004-4E80-B511-7C0ABC123456}.Release|x64.Build.0 = Release|Any CPU
		{D5C7E1A0-3004-4E80-B511-7C0ABC123456}.Release|x86.ActiveCfg = Release|Any CPU
		{D5C7E1A0-3004-4E80-B511-7C0ABC123456}.Release|x86.Build.0 = Release|Any CPU
		{D5C7E1A0-4001-4E80-B511-7C0ABC123456}.Debug|Any CPU.ActiveCfg = Debug|Any CPU
		{D5C7E1A0-4001-4E80-B511-7C0ABC123456}.Debug|Any CPU.Build.0 = Debug|Any CPU
		{D5C7E1A0-4001-4E80-B511-7C0ABC123456}.Debug|x64.ActiveCfg = Debug|Any CPU
		{D5C7E1A0-4001-4E80-B511-7C0ABC123456}.Debug|x64.Build.0 = Debug|Any CPU
		{D5C7E1A0-4001-4E80-B511-7C0ABC123456}.Debug|x86.ActiveCfg = Debug|Any CPU
		{D5C7E1A0-4001-4E80-B511-7C0ABC123456}.Debug|x86.Build.0 = Debug|Any CPU
		{D5C7E1A0-4001-4E80-B511-7C0ABC123456}.Release|Any CPU.ActiveCfg = Release|Any CPU
		{D5C7E1A0-4001-4E80-B511-7C0ABC123456}.Release|Any CPU.Build.0 = Release|Any CPU
		{D5C7E1A0-4001-4E80-B511-7C0ABC123456}.Release|x64.ActiveCfg = Release|Any CPU
		{D5C7E1A0-4001-4E80-B511-7C0ABC123456}.Release|x64.Build.0 = Release|Any CPU
		{D5C7E1A0-4001-4E80-B511-7C0ABC123456}.Release|x86.ActiveCfg = Release|Any CPU
		{D5C7E1A0-4001-4E80-B511-7C0ABC123456}.Release|x86.Build.0 = Release|Any CPU
		{A2D4B5F0-3001-4E80-B511-7C0987654321}.Debug|Any CPU.ActiveCfg = Debug|Any CPU
		{A2D4B5F0-3001-4E80-B511-7C0987654321}.Debug|Any CPU.Build.0 = Debug|Any CPU
		{A2D4B5F0-3001-4E80-B511-7C0987654321}.Debug|x64.ActiveCfg = Debug|Any CPU
		{A2D4B5F0-3001-4E80-B511-7C0987654321}.Debug|x64.Build.0 = Debug|Any CPU
		{A2D4B5F0-3001-4E80-B511-7C0987654321}.Debug|x86.ActiveCfg = Debug|Any CPU
		{A2D4B5F0-3001-4E80-B511-7C0987654321}.Debug|x86.Build.0 = Debug|Any CPU
		{A2D4B5F0-3001-4E80-B511-7C0987654321}.Release|Any CPU.ActiveCfg = Release|Any CPU
		{A2D4B5F0-3001-4E80-B511-7C0987654321}.Release|Any CPU.Build.0 = Release|Any CPU
		{A2D4B5F0-3001-4E80-B511-7C0987654321}.Release|x64.ActiveCfg = Release|Any CPU
		{A2D4B5F0-3001-4E80-B511-7C0987654321}.Release|x64.Build.0 = Release|Any CPU
		{A2D4B5F0-3001-4E80-B511-7C0987654321}.Release|x86.ActiveCfg = Release|Any CPU
		{A2D4B5F0-3001-4E80-B511-7C0987654321}.Release|x86.Build.0 = Release|Any CPU
		{A2D4B5F0-4001-4E80-B511-7C0987654321}.Debug|Any CPU.ActiveCfg = Debug|Any CPU
		{A2D4B5F0-4001-4E80-B511-7C0987654321}.Debug|Any CPU.Build.0 = Debug|Any CPU
		{A2D4B5F0-4001-4E80-B511-7C0987654321}.Debug|x64.ActiveCfg = Debug|Any CPU
		{A2D4B5F0-4001-4E80-B511-7C0987654321}.Debug|x64.Build.0 = Debug|Any CPU
		{A2D4B5F0-4001-4E80-B511-7C0987654321}.Debug|x86.ActiveCfg = Debug|Any CPU
		{A2D4B5F0-4001-4E80-B511-7C0987654321}.Debug|x86.Build.0 = Debug|Any CPU
		{A2D4B5F0-4001-4E80-B511-7C0987654321}.Release|Any CPU.ActiveCfg = Release|Any CPU
		{A2D4B5F0-4001-4E80-B511-7C0987654321}.Release|Any CPU.Build.0 = Release|Any CPU
		{A2D4B5F0-4001-4E80-B511-7C0987654321}.Release|x64.ActiveCfg = Release|Any CPU
		{A2D4B5F0-4001-4E80-B511-7C0987654321}.Release|x64.Build.0 = Release|Any CPU
		{A2D4B5F0-4001-4E80-B511-7C0987654321}.Release|x86.ActiveCfg = Release|Any CPU
		{A2D4B5F0-4001-4E80-B511-7C0987654321}.Release|x86.Build.0 = Release|Any CPU
		{146EE26A-7A37-43D4-98C8-0412F3C2412D}.Debug|Any CPU.ActiveCfg = Debug|Any CPU
		{146EE26A-7A37-43D4-98C8-0412F3C2412D}.Debug|Any CPU.Build.0 = Debug|Any CPU
		{146EE26A-7A37-43D4-98C8-0412F3C2412D}.Debug|x64.ActiveCfg = Debug|Any CPU
		{146EE26A-7A37-43D4-98C8-0412F3C2412D}.Debug|x64.Build.0 = Debug|Any CPU
		{146EE26A-7A37-43D4-98C8-0412F3C2412D}.Debug|x86.ActiveCfg = Debug|Any CPU
		{146EE26A-7A37-43D4-98C8-0412F3C2412D}.Debug|x86.Build.0 = Debug|Any CPU
		{146EE26A-7A37-43D4-98C8-0412F3C2412D}.Release|Any CPU.ActiveCfg = Release|Any CPU
		{146EE26A-7A37-43D4-98C8-0412F3C2412D}.Release|Any CPU.Build.0 = Release|Any CPU
		{146EE26A-7A37-43D4-98C8-0412F3C2412D}.Release|x64.ActiveCfg = Release|Any CPU
		{146EE26A-7A37-43D4-98C8-0412F3C2412D}.Release|x64.Build.0 = Release|Any CPU
		{146EE26A-7A37-43D4-98C8-0412F3C2412D}.Release|x86.ActiveCfg = Release|Any CPU
		{146EE26A-7A37-43D4-98C8-0412F3C2412D}.Release|x86.Build.0 = Release|Any CPU
		{0F2504FB-AEAF-4165-8833-BC974F924824}.Debug|Any CPU.ActiveCfg = Debug|Any CPU
		{0F2504FB-AEAF-4165-8833-BC974F924824}.Debug|Any CPU.Build.0 = Debug|Any CPU
		{0F2504FB-AEAF-4165-8833-BC974F924824}.Debug|x64.ActiveCfg = Debug|Any CPU
		{0F2504FB-AEAF-4165-8833-BC974F924824}.Debug|x64.Build.0 = Debug|Any CPU
		{0F2504FB-AEAF-4165-8833-BC974F924824}.Debug|x86.ActiveCfg = Debug|Any CPU
		{0F2504FB-AEAF-4165-8833-BC974F924824}.Debug|x86.Build.0 = Debug|Any CPU
		{0F2504FB-AEAF-4165-8833-BC974F924824}.Release|Any CPU.ActiveCfg = Release|Any CPU
		{0F2504FB-AEAF-4165-8833-BC974F924824}.Release|Any CPU.Build.0 = Release|Any CPU
		{0F2504FB-AEAF-4165-8833-BC974F924824}.Release|x64.ActiveCfg = Release|Any CPU
		{0F2504FB-AEAF-4165-8833-BC974F924824}.Release|x64.Build.0 = Release|Any CPU
		{0F2504FB-AEAF-4165-8833-BC974F924824}.Release|x86.ActiveCfg = Release|Any CPU
		{0F2504FB-AEAF-4165-8833-BC974F924824}.Release|x86.Build.0 = Release|Any CPU
		{1BC13817-D4B8-45E6-9DDC-1E73431E4405}.Debug|Any CPU.ActiveCfg = Debug|Any CPU
		{1BC13817-D4B8-45E6-9DDC-1E73431E4405}.Debug|Any CPU.Build.0 = Debug|Any CPU
		{1BC13817-D4B8-45E6-9DDC-1E73431E4405}.Debug|x64.ActiveCfg = Debug|Any CPU
		{1BC13817-D4B8-45E6-9DDC-1E73431E4405}.Debug|x64.Build.0 = Debug|Any CPU
		{1BC13817-D4B8-45E6-9DDC-1E73431E4405}.Debug|x86.ActiveCfg = Debug|Any CPU
		{1BC13817-D4B8-45E6-9DDC-1E73431E4405}.Debug|x86.Build.0 = Debug|Any CPU
		{1BC13817-D4B8-45E6-9DDC-1E73431E4405}.Release|Any CPU.ActiveCfg = Release|Any CPU
		{1BC13817-D4B8-45E6-9DDC-1E73431E4405}.Release|Any CPU.Build.0 = Release|Any CPU
		{1BC13817-D4B8-45E6-9DDC-1E73431E4405}.Release|x64.ActiveCfg = Release|Any CPU
		{1BC13817-D4B8-45E6-9DDC-1E73431E4405}.Release|x64.Build.0 = Release|Any CPU
		{1BC13817-D4B8-45E6-9DDC-1E73431E4405}.Release|x86.ActiveCfg = Release|Any CPU
		{1BC13817-D4B8-45E6-9DDC-1E73431E4405}.Release|x86.Build.0 = Release|Any CPU
		{1FE8377D-7CD6-4E94-A295-EDB78590D705}.Debug|Any CPU.ActiveCfg = Debug|Any CPU
		{1FE8377D-7CD6-4E94-A295-EDB78590D705}.Debug|Any CPU.Build.0 = Debug|Any CPU
		{1FE8377D-7CD6-4E94-A295-EDB78590D705}.Debug|x64.ActiveCfg = Debug|Any CPU
		{1FE8377D-7CD6-4E94-A295-EDB78590D705}.Debug|x64.Build.0 = Debug|Any CPU
		{1FE8377D-7CD6-4E94-A295-EDB78590D705}.Debug|x86.ActiveCfg = Debug|Any CPU
		{1FE8377D-7CD6-4E94-A295-EDB78590D705}.Debug|x86.Build.0 = Debug|Any CPU
		{1FE8377D-7CD6-4E94-A295-EDB78590D705}.Release|Any CPU.ActiveCfg = Release|Any CPU
		{1FE8377D-7CD6-4E94-A295-EDB78590D705}.Release|Any CPU.Build.0 = Release|Any CPU
		{1FE8377D-7CD6-4E94-A295-EDB78590D705}.Release|x64.ActiveCfg = Release|Any CPU
		{1FE8377D-7CD6-4E94-A295-EDB78590D705}.Release|x64.Build.0 = Release|Any CPU
		{1FE8377D-7CD6-4E94-A295-EDB78590D705}.Release|x86.ActiveCfg = Release|Any CPU
		{1FE8377D-7CD6-4E94-A295-EDB78590D705}.Release|x86.Build.0 = Release|Any CPU
		{74CC5467-566A-425F-A543-0084EAAB2F4B}.Debug|Any CPU.ActiveCfg = Debug|Any CPU
		{74CC5467-566A-425F-A543-0084EAAB2F4B}.Debug|Any CPU.Build.0 = Debug|Any CPU
		{74CC5467-566A-425F-A543-0084EAAB2F4B}.Debug|x64.ActiveCfg = Debug|Any CPU
		{74CC5467-566A-425F-A543-0084EAAB2F4B}.Debug|x64.Build.0 = Debug|Any CPU
		{74CC5467-566A-425F-A543-0084EAAB2F4B}.Debug|x86.ActiveCfg = Debug|Any CPU
		{74CC5467-566A-425F-A543-0084EAAB2F4B}.Debug|x86.Build.0 = Debug|Any CPU
		{74CC5467-566A-425F-A543-0084EAAB2F4B}.Release|Any CPU.ActiveCfg = Release|Any CPU
		{74CC5467-566A-425F-A543-0084EAAB2F4B}.Release|Any CPU.Build.0 = Release|Any CPU
		{74CC5467-566A-425F-A543-0084EAAB2F4B}.Release|x64.ActiveCfg = Release|Any CPU
		{74CC5467-566A-425F-A543-0084EAAB2F4B}.Release|x64.Build.0 = Release|Any CPU
		{74CC5467-566A-425F-A543-0084EAAB2F4B}.Release|x86.ActiveCfg = Release|Any CPU
		{74CC5467-566A-425F-A543-0084EAAB2F4B}.Release|x86.Build.0 = Release|Any CPU
		{23E43D83-A215-4AC8-84DE-08E649716B7A}.Debug|Any CPU.ActiveCfg = Debug|Any CPU
		{23E43D83-A215-4AC8-84DE-08E649716B7A}.Debug|Any CPU.Build.0 = Debug|Any CPU
		{23E43D83-A215-4AC8-84DE-08E649716B7A}.Debug|x64.ActiveCfg = Debug|Any CPU
		{23E43D83-A215-4AC8-84DE-08E649716B7A}.Debug|x64.Build.0 = Debug|Any CPU
		{23E43D83-A215-4AC8-84DE-08E649716B7A}.Debug|x86.ActiveCfg = Debug|Any CPU
		{23E43D83-A215-4AC8-84DE-08E649716B7A}.Debug|x86.Build.0 = Debug|Any CPU
		{23E43D83-A215-4AC8-84DE-08E649716B7A}.Release|Any CPU.ActiveCfg = Release|Any CPU
		{23E43D83-A215-4AC8-84DE-08E649716B7A}.Release|Any CPU.Build.0 = Release|Any CPU
		{23E43D83-A215-4AC8-84DE-08E649716B7A}.Release|x64.ActiveCfg = Release|Any CPU
		{23E43D83-A215-4AC8-84DE-08E649716B7A}.Release|x64.Build.0 = Release|Any CPU
		{23E43D83-A215-4AC8-84DE-08E649716B7A}.Release|x86.ActiveCfg = Release|Any CPU
		{23E43D83-A215-4AC8-84DE-08E649716B7A}.Release|x86.Build.0 = Release|Any CPU
		{B83759A7-CDEE-4B93-82A7-B2D0C0B59665}.Debug|Any CPU.ActiveCfg = Debug|Any CPU
		{B83759A7-CDEE-4B93-82A7-B2D0C0B59665}.Debug|Any CPU.Build.0 = Debug|Any CPU
		{B83759A7-CDEE-4B93-82A7-B2D0C0B59665}.Debug|x64.ActiveCfg = Debug|Any CPU
		{B83759A7-CDEE-4B93-82A7-B2D0C0B59665}.Debug|x64.Build.0 = Debug|Any CPU
		{B83759A7-CDEE-4B93-82A7-B2D0C0B59665}.Debug|x86.ActiveCfg = Debug|Any CPU
		{B83759A7-CDEE-4B93-82A7-B2D0C0B59665}.Debug|x86.Build.0 = Debug|Any CPU
		{B83759A7-CDEE-4B93-82A7-B2D0C0B59665}.Release|Any CPU.ActiveCfg = Release|Any CPU
		{B83759A7-CDEE-4B93-82A7-B2D0C0B59665}.Release|Any CPU.Build.0 = Release|Any CPU
		{B83759A7-CDEE-4B93-82A7-B2D0C0B59665}.Release|x64.ActiveCfg = Release|Any CPU
		{B83759A7-CDEE-4B93-82A7-B2D0C0B59665}.Release|x64.Build.0 = Release|Any CPU
		{B83759A7-CDEE-4B93-82A7-B2D0C0B59665}.Release|x86.ActiveCfg = Release|Any CPU
		{B83759A7-CDEE-4B93-82A7-B2D0C0B59665}.Release|x86.Build.0 = Release|Any CPU
		{44C3126E-4E86-4A75-A180-CBF31203F503}.Debug|Any CPU.ActiveCfg = Debug|Any CPU
		{44C3126E-4E86-4A75-A180-CBF31203F503}.Debug|Any CPU.Build.0 = Debug|Any CPU
		{44C3126E-4E86-4A75-A180-CBF31203F503}.Debug|x64.ActiveCfg = Debug|Any CPU
		{44C3126E-4E86-4A75-A180-CBF31203F503}.Debug|x64.Build.0 = Debug|Any CPU
		{44C3126E-4E86-4A75-A180-CBF31203F503}.Debug|x86.ActiveCfg = Debug|Any CPU
		{44C3126E-4E86-4A75-A180-CBF31203F503}.Debug|x86.Build.0 = Debug|Any CPU
		{44C3126E-4E86-4A75-A180-CBF31203F503}.Release|Any CPU.ActiveCfg = Release|Any CPU
		{44C3126E-4E86-4A75-A180-CBF31203F503}.Release|Any CPU.Build.0 = Release|Any CPU
		{44C3126E-4E86-4A75-A180-CBF31203F503}.Release|x64.ActiveCfg = Release|Any CPU
		{44C3126E-4E86-4A75-A180-CBF31203F503}.Release|x64.Build.0 = Release|Any CPU
		{44C3126E-4E86-4A75-A180-CBF31203F503}.Release|x86.ActiveCfg = Release|Any CPU
		{44C3126E-4E86-4A75-A180-CBF31203F503}.Release|x86.Build.0 = Release|Any CPU
		{0EDE99A3-0824-4D78-A680-26C8ACF8F46E}.Debug|Any CPU.ActiveCfg = Debug|Any CPU
		{0EDE99A3-0824-4D78-A680-26C8ACF8F46E}.Debug|Any CPU.Build.0 = Debug|Any CPU
		{0EDE99A3-0824-4D78-A680-26C8ACF8F46E}.Debug|x64.ActiveCfg = Debug|Any CPU
		{0EDE99A3-0824-4D78-A680-26C8ACF8F46E}.Debug|x64.Build.0 = Debug|Any CPU
		{0EDE99A3-0824-4D78-A680-26C8ACF8F46E}.Debug|x86.ActiveCfg = Debug|Any CPU
		{0EDE99A3-0824-4D78-A680-26C8ACF8F46E}.Debug|x86.Build.0 = Debug|Any CPU
		{0EDE99A3-0824-4D78-A680-26C8ACF8F46E}.Release|Any CPU.ActiveCfg = Release|Any CPU
		{0EDE99A3-0824-4D78-A680-26C8ACF8F46E}.Release|Any CPU.Build.0 = Release|Any CPU
		{0EDE99A3-0824-4D78-A680-26C8ACF8F46E}.Release|x64.ActiveCfg = Release|Any CPU
		{0EDE99A3-0824-4D78-A680-26C8ACF8F46E}.Release|x64.Build.0 = Release|Any CPU
		{0EDE99A3-0824-4D78-A680-26C8ACF8F46E}.Release|x86.ActiveCfg = Release|Any CPU
		{0EDE99A3-0824-4D78-A680-26C8ACF8F46E}.Release|x86.Build.0 = Release|Any CPU
		{197695E0-1963-494A-8706-FDE6AF46D037}.Debug|Any CPU.ActiveCfg = Debug|Any CPU
		{197695E0-1963-494A-8706-FDE6AF46D037}.Debug|Any CPU.Build.0 = Debug|Any CPU
		{197695E0-1963-494A-8706-FDE6AF46D037}.Debug|x64.ActiveCfg = Debug|Any CPU
		{197695E0-1963-494A-8706-FDE6AF46D037}.Debug|x64.Build.0 = Debug|Any CPU
		{197695E0-1963-494A-8706-FDE6AF46D037}.Debug|x86.ActiveCfg = Debug|Any CPU
		{197695E0-1963-494A-8706-FDE6AF46D037}.Debug|x86.Build.0 = Debug|Any CPU
		{197695E0-1963-494A-8706-FDE6AF46D037}.Release|Any CPU.ActiveCfg = Release|Any CPU
		{197695E0-1963-494A-8706-FDE6AF46D037}.Release|Any CPU.Build.0 = Release|Any CPU
		{197695E0-1963-494A-8706-FDE6AF46D037}.Release|x64.ActiveCfg = Release|Any CPU
		{197695E0-1963-494A-8706-FDE6AF46D037}.Release|x64.Build.0 = Release|Any CPU
		{197695E0-1963-494A-8706-FDE6AF46D037}.Release|x86.ActiveCfg = Release|Any CPU
		{197695E0-1963-494A-8706-FDE6AF46D037}.Release|x86.Build.0 = Release|Any CPU
		{5C677F90-7F81-414D-BD72-C58749781AFD}.Debug|Any CPU.ActiveCfg = Debug|Any CPU
		{5C677F90-7F81-414D-BD72-C58749781AFD}.Debug|Any CPU.Build.0 = Debug|Any CPU
		{5C677F90-7F81-414D-BD72-C58749781AFD}.Debug|x64.ActiveCfg = Debug|Any CPU
		{5C677F90-7F81-414D-BD72-C58749781AFD}.Debug|x64.Build.0 = Debug|Any CPU
		{5C677F90-7F81-414D-BD72-C58749781AFD}.Debug|x86.ActiveCfg = Debug|Any CPU
		{5C677F90-7F81-414D-BD72-C58749781AFD}.Debug|x86.Build.0 = Debug|Any CPU
		{5C677F90-7F81-414D-BD72-C58749781AFD}.Release|Any CPU.ActiveCfg = Release|Any CPU
		{5C677F90-7F81-414D-BD72-C58749781AFD}.Release|Any CPU.Build.0 = Release|Any CPU
		{5C677F90-7F81-414D-BD72-C58749781AFD}.Release|x64.ActiveCfg = Release|Any CPU
		{5C677F90-7F81-414D-BD72-C58749781AFD}.Release|x64.Build.0 = Release|Any CPU
		{5C677F90-7F81-414D-BD72-C58749781AFD}.Release|x86.ActiveCfg = Release|Any CPU
		{5C677F90-7F81-414D-BD72-C58749781AFD}.Release|x86.Build.0 = Release|Any CPU
		{F4E53686-A31E-4408-93F9-A69FE4B82840}.Debug|Any CPU.ActiveCfg = Debug|Any CPU
		{F4E53686-A31E-4408-93F9-A69FE4B82840}.Debug|Any CPU.Build.0 = Debug|Any CPU
		{F4E53686-A31E-4408-93F9-A69FE4B82840}.Debug|x64.ActiveCfg = Debug|Any CPU
		{F4E53686-A31E-4408-93F9-A69FE4B82840}.Debug|x64.Build.0 = Debug|Any CPU
		{F4E53686-A31E-4408-93F9-A69FE4B82840}.Debug|x86.ActiveCfg = Debug|Any CPU
		{F4E53686-A31E-4408-93F9-A69FE4B82840}.Debug|x86.Build.0 = Debug|Any CPU
		{F4E53686-A31E-4408-93F9-A69FE4B82840}.Release|Any CPU.ActiveCfg = Release|Any CPU
		{F4E53686-A31E-4408-93F9-A69FE4B82840}.Release|Any CPU.Build.0 = Release|Any CPU
		{F4E53686-A31E-4408-93F9-A69FE4B82840}.Release|x64.ActiveCfg = Release|Any CPU
		{F4E53686-A31E-4408-93F9-A69FE4B82840}.Release|x64.Build.0 = Release|Any CPU
		{F4E53686-A31E-4408-93F9-A69FE4B82840}.Release|x86.ActiveCfg = Release|Any CPU
		{F4E53686-A31E-4408-93F9-A69FE4B82840}.Release|x86.Build.0 = Release|Any CPU
		{94CB0031-71D3-4C0F-AAF9-C0472A3839C9}.Debug|Any CPU.ActiveCfg = Debug|Any CPU
		{94CB0031-71D3-4C0F-AAF9-C0472A3839C9}.Debug|Any CPU.Build.0 = Debug|Any CPU
		{94CB0031-71D3-4C0F-AAF9-C0472A3839C9}.Debug|x64.ActiveCfg = Debug|Any CPU
		{94CB0031-71D3-4C0F-AAF9-C0472A3839C9}.Debug|x64.Build.0 = Debug|Any CPU
		{94CB0031-71D3-4C0F-AAF9-C0472A3839C9}.Debug|x86.ActiveCfg = Debug|Any CPU
		{94CB0031-71D3-4C0F-AAF9-C0472A3839C9}.Debug|x86.Build.0 = Debug|Any CPU
		{94CB0031-71D3-4C0F-AAF9-C0472A3839C9}.Release|Any CPU.ActiveCfg = Release|Any CPU
		{94CB0031-71D3-4C0F-AAF9-C0472A3839C9}.Release|Any CPU.Build.0 = Release|Any CPU
		{94CB0031-71D3-4C0F-AAF9-C0472A3839C9}.Release|x64.ActiveCfg = Release|Any CPU
		{94CB0031-71D3-4C0F-AAF9-C0472A3839C9}.Release|x64.Build.0 = Release|Any CPU
		{94CB0031-71D3-4C0F-AAF9-C0472A3839C9}.Release|x86.ActiveCfg = Release|Any CPU
		{94CB0031-71D3-4C0F-AAF9-C0472A3839C9}.Release|x86.Build.0 = Release|Any CPU
		{56AC1CCC-0BF7-4400-AB0D-30888F114C0B}.Debug|Any CPU.ActiveCfg = Debug|Any CPU
		{56AC1CCC-0BF7-4400-AB0D-30888F114C0B}.Debug|Any CPU.Build.0 = Debug|Any CPU
		{56AC1CCC-0BF7-4400-AB0D-30888F114C0B}.Debug|x64.ActiveCfg = Debug|Any CPU
		{56AC1CCC-0BF7-4400-AB0D-30888F114C0B}.Debug|x64.Build.0 = Debug|Any CPU
		{56AC1CCC-0BF7-4400-AB0D-30888F114C0B}.Debug|x86.ActiveCfg = Debug|Any CPU
		{56AC1CCC-0BF7-4400-AB0D-30888F114C0B}.Debug|x86.Build.0 = Debug|Any CPU
		{56AC1CCC-0BF7-4400-AB0D-30888F114C0B}.Release|Any CPU.ActiveCfg = Release|Any CPU
		{56AC1CCC-0BF7-4400-AB0D-30888F114C0B}.Release|Any CPU.Build.0 = Release|Any CPU
		{56AC1CCC-0BF7-4400-AB0D-30888F114C0B}.Release|x64.ActiveCfg = Release|Any CPU
		{56AC1CCC-0BF7-4400-AB0D-30888F114C0B}.Release|x64.Build.0 = Release|Any CPU
		{56AC1CCC-0BF7-4400-AB0D-30888F114C0B}.Release|x86.ActiveCfg = Release|Any CPU
		{56AC1CCC-0BF7-4400-AB0D-30888F114C0B}.Release|x86.Build.0 = Release|Any CPU
		{EBC621F7-CCCA-41D9-9FC7-0921CC00BF6E}.Debug|Any CPU.ActiveCfg = Debug|Any CPU
		{EBC621F7-CCCA-41D9-9FC7-0921CC00BF6E}.Debug|Any CPU.Build.0 = Debug|Any CPU
		{EBC621F7-CCCA-41D9-9FC7-0921CC00BF6E}.Debug|x64.ActiveCfg = Debug|Any CPU
		{EBC621F7-CCCA-41D9-9FC7-0921CC00BF6E}.Debug|x64.Build.0 = Debug|Any CPU
		{EBC621F7-CCCA-41D9-9FC7-0921CC00BF6E}.Debug|x86.ActiveCfg = Debug|Any CPU
		{EBC621F7-CCCA-41D9-9FC7-0921CC00BF6E}.Debug|x86.Build.0 = Debug|Any CPU
		{EBC621F7-CCCA-41D9-9FC7-0921CC00BF6E}.Release|Any CPU.ActiveCfg = Release|Any CPU
		{EBC621F7-CCCA-41D9-9FC7-0921CC00BF6E}.Release|Any CPU.Build.0 = Release|Any CPU
		{EBC621F7-CCCA-41D9-9FC7-0921CC00BF6E}.Release|x64.ActiveCfg = Release|Any CPU
		{EBC621F7-CCCA-41D9-9FC7-0921CC00BF6E}.Release|x64.Build.0 = Release|Any CPU
		{EBC621F7-CCCA-41D9-9FC7-0921CC00BF6E}.Release|x86.ActiveCfg = Release|Any CPU
		{EBC621F7-CCCA-41D9-9FC7-0921CC00BF6E}.Release|x86.Build.0 = Release|Any CPU
		{222F25F3-261D-4F9B-B53C-2635904094A4}.Debug|Any CPU.ActiveCfg = Debug|Any CPU
		{222F25F3-261D-4F9B-B53C-2635904094A4}.Debug|Any CPU.Build.0 = Debug|Any CPU
		{222F25F3-261D-4F9B-B53C-2635904094A4}.Debug|x64.ActiveCfg = Debug|Any CPU
		{222F25F3-261D-4F9B-B53C-2635904094A4}.Debug|x64.Build.0 = Debug|Any CPU
		{222F25F3-261D-4F9B-B53C-2635904094A4}.Debug|x86.ActiveCfg = Debug|Any CPU
		{222F25F3-261D-4F9B-B53C-2635904094A4}.Debug|x86.Build.0 = Debug|Any CPU
		{222F25F3-261D-4F9B-B53C-2635904094A4}.Release|Any CPU.ActiveCfg = Release|Any CPU
		{222F25F3-261D-4F9B-B53C-2635904094A4}.Release|Any CPU.Build.0 = Release|Any CPU
		{222F25F3-261D-4F9B-B53C-2635904094A4}.Release|x64.ActiveCfg = Release|Any CPU
		{222F25F3-261D-4F9B-B53C-2635904094A4}.Release|x64.Build.0 = Release|Any CPU
		{222F25F3-261D-4F9B-B53C-2635904094A4}.Release|x86.ActiveCfg = Release|Any CPU
		{222F25F3-261D-4F9B-B53C-2635904094A4}.Release|x86.Build.0 = Release|Any CPU
		{478FF259-B0D4-410D-89E2-447DF96D3D04}.Debug|Any CPU.ActiveCfg = Debug|Any CPU
		{478FF259-B0D4-410D-89E2-447DF96D3D04}.Debug|Any CPU.Build.0 = Debug|Any CPU
		{478FF259-B0D4-410D-89E2-447DF96D3D04}.Debug|x64.ActiveCfg = Debug|Any CPU
		{478FF259-B0D4-410D-89E2-447DF96D3D04}.Debug|x64.Build.0 = Debug|Any CPU
		{478FF259-B0D4-410D-89E2-447DF96D3D04}.Debug|x86.ActiveCfg = Debug|Any CPU
		{478FF259-B0D4-410D-89E2-447DF96D3D04}.Debug|x86.Build.0 = Debug|Any CPU
		{478FF259-B0D4-410D-89E2-447DF96D3D04}.Release|Any CPU.ActiveCfg = Release|Any CPU
		{478FF259-B0D4-410D-89E2-447DF96D3D04}.Release|Any CPU.Build.0 = Release|Any CPU
		{478FF259-B0D4-410D-89E2-447DF96D3D04}.Release|x64.ActiveCfg = Release|Any CPU
		{478FF259-B0D4-410D-89E2-447DF96D3D04}.Release|x64.Build.0 = Release|Any CPU
		{478FF259-B0D4-410D-89E2-447DF96D3D04}.Release|x86.ActiveCfg = Release|Any CPU
		{478FF259-B0D4-410D-89E2-447DF96D3D04}.Release|x86.Build.0 = Release|Any CPU
		{D77D4D3A-CF72-4878-B9EF-30F2064E2312}.Debug|Any CPU.ActiveCfg = Debug|Any CPU
		{D77D4D3A-CF72-4878-B9EF-30F2064E2312}.Debug|Any CPU.Build.0 = Debug|Any CPU
		{D77D4D3A-CF72-4878-B9EF-30F2064E2312}.Debug|x64.ActiveCfg = Debug|Any CPU
		{D77D4D3A-CF72-4878-B9EF-30F2064E2312}.Debug|x64.Build.0 = Debug|Any CPU
		{D77D4D3A-CF72-4878-B9EF-30F2064E2312}.Debug|x86.ActiveCfg = Debug|Any CPU
		{D77D4D3A-CF72-4878-B9EF-30F2064E2312}.Debug|x86.Build.0 = Debug|Any CPU
		{D77D4D3A-CF72-4878-B9EF-30F2064E2312}.Release|Any CPU.ActiveCfg = Release|Any CPU
		{D77D4D3A-CF72-4878-B9EF-30F2064E2312}.Release|Any CPU.Build.0 = Release|Any CPU
		{D77D4D3A-CF72-4878-B9EF-30F2064E2312}.Release|x64.ActiveCfg = Release|Any CPU
		{D77D4D3A-CF72-4878-B9EF-30F2064E2312}.Release|x64.Build.0 = Release|Any CPU
		{D77D4D3A-CF72-4878-B9EF-30F2064E2312}.Release|x86.ActiveCfg = Release|Any CPU
		{D77D4D3A-CF72-4878-B9EF-30F2064E2312}.Release|x86.Build.0 = Release|Any CPU
		{510FF891-49A2-4F0B-95CD-7EC16FBBC126}.Debug|Any CPU.ActiveCfg = Debug|Any CPU
		{510FF891-49A2-4F0B-95CD-7EC16FBBC126}.Debug|Any CPU.Build.0 = Debug|Any CPU
		{510FF891-49A2-4F0B-95CD-7EC16FBBC126}.Debug|x64.ActiveCfg = Debug|Any CPU
		{510FF891-49A2-4F0B-95CD-7EC16FBBC126}.Debug|x64.Build.0 = Debug|Any CPU
		{510FF891-49A2-4F0B-95CD-7EC16FBBC126}.Debug|x86.ActiveCfg = Debug|Any CPU
		{510FF891-49A2-4F0B-95CD-7EC16FBBC126}.Debug|x86.Build.0 = Debug|Any CPU
		{510FF891-49A2-4F0B-95CD-7EC16FBBC126}.Release|Any CPU.ActiveCfg = Release|Any CPU
		{510FF891-49A2-4F0B-95CD-7EC16FBBC126}.Release|Any CPU.Build.0 = Release|Any CPU
		{510FF891-49A2-4F0B-95CD-7EC16FBBC126}.Release|x64.ActiveCfg = Release|Any CPU
		{510FF891-49A2-4F0B-95CD-7EC16FBBC126}.Release|x64.Build.0 = Release|Any CPU
		{510FF891-49A2-4F0B-95CD-7EC16FBBC126}.Release|x86.ActiveCfg = Release|Any CPU
		{510FF891-49A2-4F0B-95CD-7EC16FBBC126}.Release|x86.Build.0 = Release|Any CPU
		{1CE92FBD-844C-4EB3-933D-D416DE9E7B61}.Debug|Any CPU.ActiveCfg = Debug|Any CPU
		{1CE92FBD-844C-4EB3-933D-D416DE9E7B61}.Debug|Any CPU.Build.0 = Debug|Any CPU
		{1CE92FBD-844C-4EB3-933D-D416DE9E7B61}.Debug|x64.ActiveCfg = Debug|Any CPU
		{1CE92FBD-844C-4EB3-933D-D416DE9E7B61}.Debug|x64.Build.0 = Debug|Any CPU
		{1CE92FBD-844C-4EB3-933D-D416DE9E7B61}.Debug|x86.ActiveCfg = Debug|Any CPU
		{1CE92FBD-844C-4EB3-933D-D416DE9E7B61}.Debug|x86.Build.0 = Debug|Any CPU
		{1CE92FBD-844C-4EB3-933D-D416DE9E7B61}.Release|Any CPU.ActiveCfg = Release|Any CPU
		{1CE92FBD-844C-4EB3-933D-D416DE9E7B61}.Release|Any CPU.Build.0 = Release|Any CPU
		{1CE92FBD-844C-4EB3-933D-D416DE9E7B61}.Release|x64.ActiveCfg = Release|Any CPU
		{1CE92FBD-844C-4EB3-933D-D416DE9E7B61}.Release|x64.Build.0 = Release|Any CPU
		{1CE92FBD-844C-4EB3-933D-D416DE9E7B61}.Release|x86.ActiveCfg = Release|Any CPU
		{1CE92FBD-844C-4EB3-933D-D416DE9E7B61}.Release|x86.Build.0 = Release|Any CPU
		{6CB6221D-C221-4ECF-BC7E-DBB29B1AA147}.Debug|Any CPU.ActiveCfg = Debug|Any CPU
		{6CB6221D-C221-4ECF-BC7E-DBB29B1AA147}.Debug|Any CPU.Build.0 = Debug|Any CPU
		{6CB6221D-C221-4ECF-BC7E-DBB29B1AA147}.Debug|x64.ActiveCfg = Debug|Any CPU
		{6CB6221D-C221-4ECF-BC7E-DBB29B1AA147}.Debug|x64.Build.0 = Debug|Any CPU
		{6CB6221D-C221-4ECF-BC7E-DBB29B1AA147}.Debug|x86.ActiveCfg = Debug|Any CPU
		{6CB6221D-C221-4ECF-BC7E-DBB29B1AA147}.Debug|x86.Build.0 = Debug|Any CPU
		{6CB6221D-C221-4ECF-BC7E-DBB29B1AA147}.Release|Any CPU.ActiveCfg = Release|Any CPU
		{6CB6221D-C221-4ECF-BC7E-DBB29B1AA147}.Release|Any CPU.Build.0 = Release|Any CPU
		{6CB6221D-C221-4ECF-BC7E-DBB29B1AA147}.Release|x64.ActiveCfg = Release|Any CPU
		{6CB6221D-C221-4ECF-BC7E-DBB29B1AA147}.Release|x64.Build.0 = Release|Any CPU
		{6CB6221D-C221-4ECF-BC7E-DBB29B1AA147}.Release|x86.ActiveCfg = Release|Any CPU
		{6CB6221D-C221-4ECF-BC7E-DBB29B1AA147}.Release|x86.Build.0 = Release|Any CPU
		{FEBA459E-0CB7-4407-900D-BFA9DE9A2963}.Debug|Any CPU.ActiveCfg = Debug|Any CPU
		{FEBA459E-0CB7-4407-900D-BFA9DE9A2963}.Debug|Any CPU.Build.0 = Debug|Any CPU
		{FEBA459E-0CB7-4407-900D-BFA9DE9A2963}.Debug|x64.ActiveCfg = Debug|Any CPU
		{FEBA459E-0CB7-4407-900D-BFA9DE9A2963}.Debug|x64.Build.0 = Debug|Any CPU
		{FEBA459E-0CB7-4407-900D-BFA9DE9A2963}.Debug|x86.ActiveCfg = Debug|Any CPU
		{FEBA459E-0CB7-4407-900D-BFA9DE9A2963}.Debug|x86.Build.0 = Debug|Any CPU
		{FEBA459E-0CB7-4407-900D-BFA9DE9A2963}.Release|Any CPU.ActiveCfg = Release|Any CPU
		{FEBA459E-0CB7-4407-900D-BFA9DE9A2963}.Release|Any CPU.Build.0 = Release|Any CPU
		{FEBA459E-0CB7-4407-900D-BFA9DE9A2963}.Release|x64.ActiveCfg = Release|Any CPU
		{FEBA459E-0CB7-4407-900D-BFA9DE9A2963}.Release|x64.Build.0 = Release|Any CPU
		{FEBA459E-0CB7-4407-900D-BFA9DE9A2963}.Release|x86.ActiveCfg = Release|Any CPU
		{FEBA459E-0CB7-4407-900D-BFA9DE9A2963}.Release|x86.Build.0 = Release|Any CPU
		{63472D01-FB4E-4C25-B76C-B22D86AC266B}.Debug|Any CPU.ActiveCfg = Debug|Any CPU
		{63472D01-FB4E-4C25-B76C-B22D86AC266B}.Debug|Any CPU.Build.0 = Debug|Any CPU
		{63472D01-FB4E-4C25-B76C-B22D86AC266B}.Debug|x64.ActiveCfg = Debug|Any CPU
		{63472D01-FB4E-4C25-B76C-B22D86AC266B}.Debug|x64.Build.0 = Debug|Any CPU
		{63472D01-FB4E-4C25-B76C-B22D86AC266B}.Debug|x86.ActiveCfg = Debug|Any CPU
		{63472D01-FB4E-4C25-B76C-B22D86AC266B}.Debug|x86.Build.0 = Debug|Any CPU
		{63472D01-FB4E-4C25-B76C-B22D86AC266B}.Release|Any CPU.ActiveCfg = Release|Any CPU
		{63472D01-FB4E-4C25-B76C-B22D86AC266B}.Release|Any CPU.Build.0 = Release|Any CPU
		{63472D01-FB4E-4C25-B76C-B22D86AC266B}.Release|x64.ActiveCfg = Release|Any CPU
		{63472D01-FB4E-4C25-B76C-B22D86AC266B}.Release|x64.Build.0 = Release|Any CPU
		{63472D01-FB4E-4C25-B76C-B22D86AC266B}.Release|x86.ActiveCfg = Release|Any CPU
		{63472D01-FB4E-4C25-B76C-B22D86AC266B}.Release|x86.Build.0 = Release|Any CPU
		{0C783B07-C021-43F7-8C99-FDFF0C6BDD39}.Debug|Any CPU.ActiveCfg = Debug|Any CPU
		{0C783B07-C021-43F7-8C99-FDFF0C6BDD39}.Debug|Any CPU.Build.0 = Debug|Any CPU
		{0C783B07-C021-43F7-8C99-FDFF0C6BDD39}.Debug|x64.ActiveCfg = Debug|Any CPU
		{0C783B07-C021-43F7-8C99-FDFF0C6BDD39}.Debug|x64.Build.0 = Debug|Any CPU
		{0C783B07-C021-43F7-8C99-FDFF0C6BDD39}.Debug|x86.ActiveCfg = Debug|Any CPU
		{0C783B07-C021-43F7-8C99-FDFF0C6BDD39}.Debug|x86.Build.0 = Debug|Any CPU
		{0C783B07-C021-43F7-8C99-FDFF0C6BDD39}.Release|Any CPU.ActiveCfg = Release|Any CPU
		{0C783B07-C021-43F7-8C99-FDFF0C6BDD39}.Release|Any CPU.Build.0 = Release|Any CPU
		{0C783B07-C021-43F7-8C99-FDFF0C6BDD39}.Release|x64.ActiveCfg = Release|Any CPU
		{0C783B07-C021-43F7-8C99-FDFF0C6BDD39}.Release|x64.Build.0 = Release|Any CPU
		{0C783B07-C021-43F7-8C99-FDFF0C6BDD39}.Release|x86.ActiveCfg = Release|Any CPU
		{0C783B07-C021-43F7-8C99-FDFF0C6BDD39}.Release|x86.Build.0 = Release|Any CPU
		{84B55747-9A16-45F7-9B73-509F4788044A}.Debug|Any CPU.ActiveCfg = Debug|Any CPU
		{84B55747-9A16-45F7-9B73-509F4788044A}.Debug|Any CPU.Build.0 = Debug|Any CPU
		{84B55747-9A16-45F7-9B73-509F4788044A}.Debug|x64.ActiveCfg = Debug|Any CPU
		{84B55747-9A16-45F7-9B73-509F4788044A}.Debug|x64.Build.0 = Debug|Any CPU
		{84B55747-9A16-45F7-9B73-509F4788044A}.Debug|x86.ActiveCfg = Debug|Any CPU
		{84B55747-9A16-45F7-9B73-509F4788044A}.Debug|x86.Build.0 = Debug|Any CPU
		{84B55747-9A16-45F7-9B73-509F4788044A}.Release|Any CPU.ActiveCfg = Release|Any CPU
		{84B55747-9A16-45F7-9B73-509F4788044A}.Release|Any CPU.Build.0 = Release|Any CPU
		{84B55747-9A16-45F7-9B73-509F4788044A}.Release|x64.ActiveCfg = Release|Any CPU
		{84B55747-9A16-45F7-9B73-509F4788044A}.Release|x64.Build.0 = Release|Any CPU
		{84B55747-9A16-45F7-9B73-509F4788044A}.Release|x86.ActiveCfg = Release|Any CPU
		{84B55747-9A16-45F7-9B73-509F4788044A}.Release|x86.Build.0 = Release|Any CPU
		{D4FFCE3D-5FE9-4A09-B504-05FCB390F4C7}.Debug|Any CPU.ActiveCfg = Debug|Any CPU
		{D4FFCE3D-5FE9-4A09-B504-05FCB390F4C7}.Debug|Any CPU.Build.0 = Debug|Any CPU
		{D4FFCE3D-5FE9-4A09-B504-05FCB390F4C7}.Debug|x64.ActiveCfg = Debug|Any CPU
		{D4FFCE3D-5FE9-4A09-B504-05FCB390F4C7}.Debug|x64.Build.0 = Debug|Any CPU
		{D4FFCE3D-5FE9-4A09-B504-05FCB390F4C7}.Debug|x86.ActiveCfg = Debug|Any CPU
		{D4FFCE3D-5FE9-4A09-B504-05FCB390F4C7}.Debug|x86.Build.0 = Debug|Any CPU
		{D4FFCE3D-5FE9-4A09-B504-05FCB390F4C7}.Release|Any CPU.ActiveCfg = Release|Any CPU
		{D4FFCE3D-5FE9-4A09-B504-05FCB390F4C7}.Release|Any CPU.Build.0 = Release|Any CPU
		{D4FFCE3D-5FE9-4A09-B504-05FCB390F4C7}.Release|x64.ActiveCfg = Release|Any CPU
		{D4FFCE3D-5FE9-4A09-B504-05FCB390F4C7}.Release|x64.Build.0 = Release|Any CPU
		{D4FFCE3D-5FE9-4A09-B504-05FCB390F4C7}.Release|x86.ActiveCfg = Release|Any CPU
		{D4FFCE3D-5FE9-4A09-B504-05FCB390F4C7}.Release|x86.Build.0 = Release|Any CPU
	EndGlobalSection
	GlobalSection(SolutionProperties) = preSolution
		HideSolutionNode = FALSE
	EndGlobalSection
	GlobalSection(NestedProjects) = preSolution
		{4C7B4EE6-E602-48FC-9B52-376520BB7C19} = {0AB3BF05-4346-4AA6-1389-037BE0695223}
		{235FC3C5-00AC-AF44-095E-A8AC17840C37} = {827E0CD3-B72D-47B6-A68D-7590B98EB39B}
		{3B2DEF92-B31B-4BD9-B7F0-E0576A266439} = {235FC3C5-00AC-AF44-095E-A8AC17840C37}
		{31E01B33-C3B3-47EE-BA22-1C8C680FEFC5} = {235FC3C5-00AC-AF44-095E-A8AC17840C37}
		{4E20CCE1-4584-48C7-AFF5-3A8C4B4E45DF} = {235FC3C5-00AC-AF44-095E-A8AC17840C37}
		{3E74DB4A-4DA3-4B55-9B3F-4DD93FFC9D5E} = {235FC3C5-00AC-AF44-095E-A8AC17840C37}
		{E134C235-D229-4C0D-6747-D71D21D31FBE} = {827E0CD3-B72D-47B6-A68D-7590B98EB39B}
		{07C4F6BC-2246-471D-A860-42158AB91AEA} = {E134C235-D229-4C0D-6747-D71D21D31FBE}
		{C7D995A0-F7BD-4315-A797-D645CB383D31} = {E134C235-D229-4C0D-6747-D71D21D31FBE}
		{CDE2E9E7-C487-4408-A715-9340A358E481} = {E134C235-D229-4C0D-6747-D71D21D31FBE}
		{9BD654BF-BC29-4A87-B593-2BB50818F9CC} = {E134C235-D229-4C0D-6747-D71D21D31FBE}
		{6306A8FB-679E-111F-6585-8F70E0EE6013} = {827E0CD3-B72D-47B6-A68D-7590B98EB39B}
		{5079098D-89A6-4D2D-86BE-36FC48A01450} = {6306A8FB-679E-111F-6585-8F70E0EE6013}
		{C8E42992-5E42-0C2B-DBFE-AA848D06431C} = {827E0CD3-B72D-47B6-A68D-7590B98EB39B}
		{3B256FF8-27F9-4403-BC47-356606B1FACA} = {C8E42992-5E42-0C2B-DBFE-AA848D06431C}
		{91C8A3F0-1A4A-4E80-B511-7C0123456789} = {827E0CD3-B72D-47B6-A68D-7590B98EB39B}
		{91C8A3F0-2001-4E80-B511-7C0123456789} = {91C8A3F0-1A4A-4E80-B511-7C0123456789}
		{91C8A3F0-2002-4E80-B511-7C0123456789} = {91C8A3F0-1A4A-4E80-B511-7C0123456789}
		{91C8A3F0-2003-4E80-B511-7C0123456789} = {91C8A3F0-1A4A-4E80-B511-7C0123456789}
		{91C8A3F0-2004-4E80-B511-7C0123456789} = {91C8A3F0-1A4A-4E80-B511-7C0123456789}
		{A2D4B5F0-1A4A-4E80-B511-7C0987654321} = {827E0CD3-B72D-47B6-A68D-7590B98EB39B}
		{A2D4B5F0-2001-4E80-B511-7C0987654321} = {A2D4B5F0-1A4A-4E80-B511-7C0987654321}
		{A2D4B5F0-2002-4E80-B511-7C0987654321} = {A2D4B5F0-1A4A-4E80-B511-7C0987654321}
		{A2D4B5F0-2003-4E80-B511-7C0987654321} = {A2D4B5F0-1A4A-4E80-B511-7C0987654321}
		{A2D4B5F0-2004-4E80-B511-7C0987654321} = {A2D4B5F0-1A4A-4E80-B511-7C0987654321}
		{D5C7E1A0-1A4A-4E80-B511-7C0ABC123456} = {827E0CD3-B72D-47B6-A68D-7590B98EB39B}
		{D5C7E1A0-2001-4E80-B511-7C0ABC123456} = {D5C7E1A0-1A4A-4E80-B511-7C0ABC123456}
		{D5C7E1A0-2002-4E80-B511-7C0ABC123456} = {D5C7E1A0-1A4A-4E80-B511-7C0ABC123456}
		{D5C7E1A0-2003-4E80-B511-7C0ABC123456} = {D5C7E1A0-1A4A-4E80-B511-7C0ABC123456}
		{D5C7E1A0-2004-4E80-B511-7C0ABC123456} = {D5C7E1A0-1A4A-4E80-B511-7C0ABC123456}
		{D5C7E1A0-3001-4E80-B511-7C0ABC123456} = {D5C7E1A0-1A4A-4E80-B511-7C0ABC123456}
		{D5C7E1A0-3002-4E80-B511-7C0ABC123456} = {D5C7E1A0-1A4A-4E80-B511-7C0ABC123456}
		{D5C7E1A0-3003-4E80-B511-7C0ABC123456} = {D5C7E1A0-1A4A-4E80-B511-7C0ABC123456}
		{D5C7E1A0-3004-4E80-B511-7C0ABC123456} = {D5C7E1A0-1A4A-4E80-B511-7C0ABC123456}
		{D5C7E1A0-4001-4E80-B511-7C0ABC123456} = {0AB3BF05-4346-4AA6-1389-037BE0695223}
		{146EE26A-7A37-43D4-98C8-0412F3C2412D} = {D5C7E1A0-1A4A-4E80-B511-7C0ABC123456}
		{0F2504FB-AEAF-4165-8833-BC974F924824} = {D5C7E1A0-1A4A-4E80-B511-7C0ABC123456}
		{1BC13817-D4B8-45E6-9DDC-1E73431E4405} = {D5C7E1A0-1A4A-4E80-B511-7C0ABC123456}
		{1FE8377D-7CD6-4E94-A295-EDB78590D705} = {D5C7E1A0-1A4A-4E80-B511-7C0ABC123456}
		{74CC5467-566A-425F-A543-0084EAAB2F4B} = {D5C7E1A0-1A4A-4E80-B511-7C0ABC123456}
		{23E43D83-A215-4AC8-84DE-08E649716B7A} = {D5C7E1A0-1A4A-4E80-B511-7C0ABC123456}
		{B83759A7-CDEE-4B93-82A7-B2D0C0B59665} = {D5C7E1A0-1A4A-4E80-B511-7C0ABC123456}
		{44C3126E-4E86-4A75-A180-CBF31203F503} = {D5C7E1A0-1A4A-4E80-B511-7C0ABC123456}
		{0EDE99A3-0824-4D78-A680-26C8ACF8F46E} = {D5C7E1A0-1A4A-4E80-B511-7C0ABC123456}
		{197695E0-1963-494A-8706-FDE6AF46D037} = {D5C7E1A0-1A4A-4E80-B511-7C0ABC123456}
		{5C677F90-7F81-414D-BD72-C58749781AFD} = {D5C7E1A0-1A4A-4E80-B511-7C0ABC123456}
		{F4E53686-A31E-4408-93F9-A69FE4B82840} = {D5C7E1A0-1A4A-4E80-B511-7C0ABC123456}
		{94CB0031-71D3-4C0F-AAF9-C0472A3839C9} = {D5C7E1A0-1A4A-4E80-B511-7C0ABC123456}
		{56AC1CCC-0BF7-4400-AB0D-30888F114C0B} = {D5C7E1A0-1A4A-4E80-B511-7C0ABC123456}
		{EBC621F7-CCCA-41D9-9FC7-0921CC00BF6E} = {D5C7E1A0-1A4A-4E80-B511-7C0ABC123456}
		{222F25F3-261D-4F9B-B53C-2635904094A4} = {D5C7E1A0-1A4A-4E80-B511-7C0ABC123456}
		{478FF259-B0D4-410D-89E2-447DF96D3D04} = {D5C7E1A0-1A4A-4E80-B511-7C0ABC123456}
		{D77D4D3A-CF72-4878-B9EF-30F2064E2312} = {D5C7E1A0-1A4A-4E80-B511-7C0ABC123456}
		{510FF891-49A2-4F0B-95CD-7EC16FBBC126} = {D5C7E1A0-1A4A-4E80-B511-7C0ABC123456}
		{1CE92FBD-844C-4EB3-933D-D416DE9E7B61} = {D5C7E1A0-1A4A-4E80-B511-7C0ABC123456}
		{6CB6221D-C221-4ECF-BC7E-DBB29B1AA147} = {2F3EF1A3-B2B0-B28C-122D-FFB85167A4CE}
		{EB682BE7-4470-E274-DF39-1AE5C83DEC77} = {827E0CD3-B72D-47B6-A68D-7590B98EB39B}
		{FEBA459E-0CB7-4407-900D-BFA9DE9A2963} = {EB682BE7-4470-E274-DF39-1AE5C83DEC77}
		{63472D01-FB4E-4C25-B76C-B22D86AC266B} = {EB682BE7-4470-E274-DF39-1AE5C83DEC77}
		{0C783B07-C021-43F7-8C99-FDFF0C6BDD39} = {EB682BE7-4470-E274-DF39-1AE5C83DEC77}
		{84B55747-9A16-45F7-9B73-509F4788044A} = {EB682BE7-4470-E274-DF39-1AE5C83DEC77}
		{D4FFCE3D-5FE9-4A09-B504-05FCB390F4C7} = {0AB3BF05-4346-4AA6-1389-037BE0695223}
	EndGlobalSection
EndGlobal
